// !$*UTF8*$!
{
	archiveVersion = 1;
	classes = {
	};
	objectVersion = 50;
	objects = {

/* Begin PBXBuildFile section */
		F4B3F2CE23862B3000657CDF /* AppDelegate.swift in Sources */ = {isa = PBXBuildFile; fileRef = F4B3F2CD23862B3000657CDF /* AppDelegate.swift */; };
		F4B3F2D023862B3000657CDF /* SceneDelegate.swift in Sources */ = {isa = PBXBuildFile; fileRef = F4B3F2CF23862B3000657CDF /* SceneDelegate.swift */; };
		F4B3F2D223862B3000657CDF /* ViewController.swift in Sources */ = {isa = PBXBuildFile; fileRef = F4B3F2D123862B3000657CDF /* ViewController.swift */; };
		F4B3F2D523862B3000657CDF /* Main.storyboard in Resources */ = {isa = PBXBuildFile; fileRef = F4B3F2D323862B3000657CDF /* Main.storyboard */; };
		F4B3F2D723862B3100657CDF /* Assets.xcassets in Resources */ = {isa = PBXBuildFile; fileRef = F4B3F2D623862B3100657CDF /* Assets.xcassets */; };
		F4B3F2DA23862B3100657CDF /* LaunchScreen.storyboard in Resources */ = {isa = PBXBuildFile; fileRef = F4B3F2D823862B3100657CDF /* LaunchScreen.storyboard */; };
		F4B3F2E523862B3100657CDF /* KKdayPortalTests.swift in Sources */ = {isa = PBXBuildFile; fileRef = F4B3F2E423862B3100657CDF /* KKdayPortalTests.swift */; };
		F4B3F2F023862B3100657CDF /* KKdayPortalUITests.swift in Sources */ = {isa = PBXBuildFile; fileRef = F4B3F2EF23862B3100657CDF /* KKdayPortalUITests.swift */; };
/* End PBXBuildFile section */

/* Begin PBXContainerItemProxy section */
		F4B3F2E123862B3100657CDF /* PBXContainerItemProxy */ = {
			isa = PBXContainerItemProxy;
			containerPortal = F4B3F2C223862B3000657CDF /* Project object */;
			proxyType = 1;
			remoteGlobalIDString = F4B3F2C923862B3000657CDF;
			remoteInfo = KKdayPortal;
		};
		F4B3F2EC23862B3100657CDF /* PBXContainerItemProxy */ = {
			isa = PBXContainerItemProxy;
			containerPortal = F4B3F2C223862B3000657CDF /* Project object */;
			proxyType = 1;
			remoteGlobalIDString = F4B3F2C923862B3000657CDF;
			remoteInfo = KKdayPortal;
		};
/* End PBXContainerItemProxy section */

/* Begin PBXFileReference section */
		F4B3F2CA23862B3000657CDF /* KKdayPortal.app */ = {isa = PBXFileReference; explicitFileType = wrapper.application; includeInIndex = 0; path = KKdayPortal.app; sourceTree = BUILT_PRODUCTS_DIR; };
		F4B3F2CD23862B3000657CDF /* AppDelegate.swift */ = {isa = PBXFileReference; lastKnownFileType = sourcecode.swift; path = AppDelegate.swift; sourceTree = "<group>"; };
		F4B3F2CF23862B3000657CDF /* SceneDelegate.swift */ = {isa = PBXFileReference; lastKnownFileType = sourcecode.swift; path = SceneDelegate.swift; sourceTree = "<group>"; };
		F4B3F2D123862B3000657CDF /* ViewController.swift */ = {isa = PBXFileReference; lastKnownFileType = sourcecode.swift; path = ViewController.swift; sourceTree = "<group>"; };
		F4B3F2D423862B3000657CDF /* Base */ = {isa = PBXFileReference; lastKnownFileType = file.storyboard; name = Base; path = Base.lproj/Main.storyboard; sourceTree = "<group>"; };
		F4B3F2D623862B3100657CDF /* Assets.xcassets */ = {isa = PBXFileReference; lastKnownFileType = folder.assetcatalog; path = Assets.xcassets; sourceTree = "<group>"; };
		F4B3F2D923862B3100657CDF /* Base */ = {isa = PBXFileReference; lastKnownFileType = file.storyboard; name = Base; path = Base.lproj/LaunchScreen.storyboard; sourceTree = "<group>"; };
		F4B3F2DB23862B3100657CDF /* Info.plist */ = {isa = PBXFileReference; lastKnownFileType = text.plist.xml; path = Info.plist; sourceTree = "<group>"; };
		F4B3F2E023862B3100657CDF /* KKdayPortalTests.xctest */ = {isa = PBXFileReference; explicitFileType = wrapper.cfbundle; includeInIndex = 0; path = KKdayPortalTests.xctest; sourceTree = BUILT_PRODUCTS_DIR; };
		F4B3F2E423862B3100657CDF /* KKdayPortalTests.swift */ = {isa = PBXFileReference; lastKnownFileType = sourcecode.swift; path = KKdayPortalTests.swift; sourceTree = "<group>"; };
		F4B3F2E623862B3100657CDF /* Info.plist */ = {isa = PBXFileReference; lastKnownFileType = text.plist.xml; path = Info.plist; sourceTree = "<group>"; };
		F4B3F2EB23862B3100657CDF /* KKdayPortalUITests.xctest */ = {isa = PBXFileReference; explicitFileType = wrapper.cfbundle; includeInIndex = 0; path = KKdayPortalUITests.xctest; sourceTree = BUILT_PRODUCTS_DIR; };
		F4B3F2EF23862B3100657CDF /* KKdayPortalUITests.swift */ = {isa = PBXFileReference; lastKnownFileType = sourcecode.swift; path = KKdayPortalUITests.swift; sourceTree = "<group>"; };
		F4B3F2F123862B3100657CDF /* Info.plist */ = {isa = PBXFileReference; lastKnownFileType = text.plist.xml; path = Info.plist; sourceTree = "<group>"; };
/* End PBXFileReference section */

/* Begin PBXFrameworksBuildPhase section */
		F4B3F2C723862B3000657CDF /* Frameworks */ = {
			isa = PBXFrameworksBuildPhase;
			buildActionMask = 2147483647;
			files = (
			);
			runOnlyForDeploymentPostprocessing = 0;
		};
		F4B3F2DD23862B3100657CDF /* Frameworks */ = {
			isa = PBXFrameworksBuildPhase;
			buildActionMask = 2147483647;
			files = (
			);
			runOnlyForDeploymentPostprocessing = 0;
		};
		F4B3F2E823862B3100657CDF /* Frameworks */ = {
			isa = PBXFrameworksBuildPhase;
			buildActionMask = 2147483647;
			files = (
			);
			runOnlyForDeploymentPostprocessing = 0;
		};
/* End PBXFrameworksBuildPhase section */

/* Begin PBXGroup section */
		F4B3F2C123862B3000657CDF = {
			isa = PBXGroup;
			children = (
				F4B3F2CC23862B3000657CDF /* KKdayPortal */,
				F4B3F2E323862B3100657CDF /* KKdayPortalTests */,
				F4B3F2EE23862B3100657CDF /* KKdayPortalUITests */,
				F4B3F2CB23862B3000657CDF /* Products */,
			);
			sourceTree = "<group>";
		};
		F4B3F2CB23862B3000657CDF /* Products */ = {
			isa = PBXGroup;
			children = (
				F4B3F2CA23862B3000657CDF /* KKdayPortal.app */,
				F4B3F2E023862B3100657CDF /* KKdayPortalTests.xctest */,
				F4B3F2EB23862B3100657CDF /* KKdayPortalUITests.xctest */,
			);
			name = Products;
			sourceTree = "<group>";
		};
		F4B3F2CC23862B3000657CDF /* KKdayPortal */ = {
			isa = PBXGroup;
			children = (
				F4B3F2CD23862B3000657CDF /* AppDelegate.swift */,
				F4B3F2CF23862B3000657CDF /* SceneDelegate.swift */,
				F4B3F2D123862B3000657CDF /* ViewController.swift */,
				F4B3F2D323862B3000657CDF /* Main.storyboard */,
				F4B3F2D623862B3100657CDF /* Assets.xcassets */,
				F4B3F2D823862B3100657CDF /* LaunchScreen.storyboard */,
				F4B3F2DB23862B3100657CDF /* Info.plist */,
			);
			path = KKdayPortal;
			sourceTree = "<group>";
		};
		F4B3F2E323862B3100657CDF /* KKdayPortalTests */ = {
			isa = PBXGroup;
			children = (
				F4B3F2E423862B3100657CDF /* KKdayPortalTests.swift */,
				F4B3F2E623862B3100657CDF /* Info.plist */,
			);
			path = KKdayPortalTests;
			sourceTree = "<group>";
		};
		F4B3F2EE23862B3100657CDF /* KKdayPortalUITests */ = {
			isa = PBXGroup;
			children = (
				F4B3F2EF23862B3100657CDF /* KKdayPortalUITests.swift */,
				F4B3F2F123862B3100657CDF /* Info.plist */,
			);
			path = KKdayPortalUITests;
			sourceTree = "<group>";
		};
/* End PBXGroup section */

/* Begin PBXNativeTarget section */
		F4B3F2C923862B3000657CDF /* KKdayPortal */ = {
			isa = PBXNativeTarget;
			buildConfigurationList = F4B3F2F423862B3100657CDF /* Build configuration list for PBXNativeTarget "KKdayPortal" */;
			buildPhases = (
				F4B3F2C623862B3000657CDF /* Sources */,
				F4B3F2C723862B3000657CDF /* Frameworks */,
				F4B3F2C823862B3000657CDF /* Resources */,
			);
			buildRules = (
			);
			dependencies = (
			);
			name = KKdayPortal;
			productName = KKdayPortal;
			productReference = F4B3F2CA23862B3000657CDF /* KKdayPortal.app */;
			productType = "com.apple.product-type.application";
		};
		F4B3F2DF23862B3100657CDF /* KKdayPortalTests */ = {
			isa = PBXNativeTarget;
			buildConfigurationList = F4B3F2F723862B3100657CDF /* Build configuration list for PBXNativeTarget "KKdayPortalTests" */;
			buildPhases = (
				F4B3F2DC23862B3100657CDF /* Sources */,
				F4B3F2DD23862B3100657CDF /* Frameworks */,
				F4B3F2DE23862B3100657CDF /* Resources */,
			);
			buildRules = (
			);
			dependencies = (
				F4B3F2E223862B3100657CDF /* PBXTargetDependency */,
			);
			name = KKdayPortalTests;
			productName = KKdayPortalTests;
			productReference = F4B3F2E023862B3100657CDF /* KKdayPortalTests.xctest */;
			productType = "com.apple.product-type.bundle.unit-test";
		};
		F4B3F2EA23862B3100657CDF /* KKdayPortalUITests */ = {
			isa = PBXNativeTarget;
			buildConfigurationList = F4B3F2FA23862B3100657CDF /* Build configuration list for PBXNativeTarget "KKdayPortalUITests" */;
			buildPhases = (
				F4B3F2E723862B3100657CDF /* Sources */,
				F4B3F2E823862B3100657CDF /* Frameworks */,
				F4B3F2E923862B3100657CDF /* Resources */,
			);
			buildRules = (
			);
			dependencies = (
				F4B3F2ED23862B3100657CDF /* PBXTargetDependency */,
			);
			name = KKdayPortalUITests;
			productName = KKdayPortalUITests;
			productReference = F4B3F2EB23862B3100657CDF /* KKdayPortalUITests.xctest */;
			productType = "com.apple.product-type.bundle.ui-testing";
		};
/* End PBXNativeTarget section */

/* Begin PBXProject section */
		F4B3F2C223862B3000657CDF /* Project object */ = {
			isa = PBXProject;
			attributes = {
				LastSwiftUpdateCheck = 1120;
				LastUpgradeCheck = 1120;
				ORGANIZATIONNAME = "WEI-TSUNG CHENG";
				TargetAttributes = {
					F4B3F2C923862B3000657CDF = {
						CreatedOnToolsVersion = 11.2.1;
					};
					F4B3F2DF23862B3100657CDF = {
						CreatedOnToolsVersion = 11.2.1;
						TestTargetID = F4B3F2C923862B3000657CDF;
					};
					F4B3F2EA23862B3100657CDF = {
						CreatedOnToolsVersion = 11.2.1;
						TestTargetID = F4B3F2C923862B3000657CDF;
					};
				};
			};
			buildConfigurationList = F4B3F2C523862B3000657CDF /* Build configuration list for PBXProject "KKdayPortal" */;
			compatibilityVersion = "Xcode 9.3";
			developmentRegion = en;
			hasScannedForEncodings = 0;
			knownRegions = (
				en,
				Base,
			);
			mainGroup = F4B3F2C123862B3000657CDF;
			productRefGroup = F4B3F2CB23862B3000657CDF /* Products */;
			projectDirPath = "";
			projectRoot = "";
			targets = (
				F4B3F2C923862B3000657CDF /* KKdayPortal */,
				F4B3F2DF23862B3100657CDF /* KKdayPortalTests */,
				F4B3F2EA23862B3100657CDF /* KKdayPortalUITests */,
			);
		};
/* End PBXProject section */

/* Begin PBXResourcesBuildPhase section */
		F4B3F2C823862B3000657CDF /* Resources */ = {
			isa = PBXResourcesBuildPhase;
			buildActionMask = 2147483647;
			files = (
				F4B3F2DA23862B3100657CDF /* LaunchScreen.storyboard in Resources */,
				F4B3F2D723862B3100657CDF /* Assets.xcassets in Resources */,
				F4B3F2D523862B3000657CDF /* Main.storyboard in Resources */,
			);
			runOnlyForDeploymentPostprocessing = 0;
		};
		F4B3F2DE23862B3100657CDF /* Resources */ = {
			isa = PBXResourcesBuildPhase;
			buildActionMask = 2147483647;
			files = (
			);
			runOnlyForDeploymentPostprocessing = 0;
		};
		F4B3F2E923862B3100657CDF /* Resources */ = {
			isa = PBXResourcesBuildPhase;
			buildActionMask = 2147483647;
			files = (
			);
			runOnlyForDeploymentPostprocessing = 0;
		};
/* End PBXResourcesBuildPhase section */

/* Begin PBXSourcesBuildPhase section */
		F4B3F2C623862B3000657CDF /* Sources */ = {
			isa = PBXSourcesBuildPhase;
			buildActionMask = 2147483647;
			files = (
				F4B3F2D223862B3000657CDF /* ViewController.swift in Sources */,
				F4B3F2CE23862B3000657CDF /* AppDelegate.swift in Sources */,
				F4B3F2D023862B3000657CDF /* SceneDelegate.swift in Sources */,
			);
			runOnlyForDeploymentPostprocessing = 0;
		};
		F4B3F2DC23862B3100657CDF /* Sources */ = {
			isa = PBXSourcesBuildPhase;
			buildActionMask = 2147483647;
			files = (
				F4B3F2E523862B3100657CDF /* KKdayPortalTests.swift in Sources */,
			);
			runOnlyForDeploymentPostprocessing = 0;
		};
		F4B3F2E723862B3100657CDF /* Sources */ = {
			isa = PBXSourcesBuildPhase;
			buildActionMask = 2147483647;
			files = (
				F4B3F2F023862B3100657CDF /* KKdayPortalUITests.swift in Sources */,
			);
			runOnlyForDeploymentPostprocessing = 0;
		};
/* End PBXSourcesBuildPhase section */

/* Begin PBXTargetDependency section */
		F4B3F2E223862B3100657CDF /* PBXTargetDependency */ = {
			isa = PBXTargetDependency;
			target = F4B3F2C923862B3000657CDF /* KKdayPortal */;
			targetProxy = F4B3F2E123862B3100657CDF /* PBXContainerItemProxy */;
		};
		F4B3F2ED23862B3100657CDF /* PBXTargetDependency */ = {
			isa = PBXTargetDependency;
			target = F4B3F2C923862B3000657CDF /* KKdayPortal */;
			targetProxy = F4B3F2EC23862B3100657CDF /* PBXContainerItemProxy */;
		};
/* End PBXTargetDependency section */

/* Begin PBXVariantGroup section */
		F4B3F2D323862B3000657CDF /* Main.storyboard */ = {
			isa = PBXVariantGroup;
			children = (
				F4B3F2D423862B3000657CDF /* Base */,
			);
			name = Main.storyboard;
			sourceTree = "<group>";
		};
		F4B3F2D823862B3100657CDF /* LaunchScreen.storyboard */ = {
			isa = PBXVariantGroup;
			children = (
				F4B3F2D923862B3100657CDF /* Base */,
			);
			name = LaunchScreen.storyboard;
			sourceTree = "<group>";
		};
/* End PBXVariantGroup section */

/* Begin XCBuildConfiguration section */
		F4B3F2F223862B3100657CDF /* Debug */ = {
			isa = XCBuildConfiguration;
			buildSettings = {
				ALWAYS_SEARCH_USER_PATHS = NO;
				CLANG_ANALYZER_NONNULL = YES;
				CLANG_ANALYZER_NUMBER_OBJECT_CONVERSION = YES_AGGRESSIVE;
				CLANG_CXX_LANGUAGE_STANDARD = "gnu++14";
				CLANG_CXX_LIBRARY = "libc++";
				CLANG_ENABLE_MODULES = YES;
				CLANG_ENABLE_OBJC_ARC = YES;
				CLANG_ENABLE_OBJC_WEAK = YES;
				CLANG_WARN_BLOCK_CAPTURE_AUTORELEASING = YES;
				CLANG_WARN_BOOL_CONVERSION = YES;
				CLANG_WARN_COMMA = YES;
				CLANG_WARN_CONSTANT_CONVERSION = YES;
				CLANG_WARN_DEPRECATED_OBJC_IMPLEMENTATIONS = YES;
				CLANG_WARN_DIRECT_OBJC_ISA_USAGE = YES_ERROR;
				CLANG_WARN_DOCUMENTATION_COMMENTS = YES;
				CLANG_WARN_EMPTY_BODY = YES;
				CLANG_WARN_ENUM_CONVERSION = YES;
				CLANG_WARN_INFINITE_RECURSION = YES;
				CLANG_WARN_INT_CONVERSION = YES;
				CLANG_WARN_NON_LITERAL_NULL_CONVERSION = YES;
				CLANG_WARN_OBJC_IMPLICIT_RETAIN_SELF = YES;
				CLANG_WARN_OBJC_LITERAL_CONVERSION = YES;
				CLANG_WARN_OBJC_ROOT_CLASS = YES_ERROR;
				CLANG_WARN_RANGE_LOOP_ANALYSIS = YES;
				CLANG_WARN_STRICT_PROTOTYPES = YES;
				CLANG_WARN_SUSPICIOUS_MOVE = YES;
				CLANG_WARN_UNGUARDED_AVAILABILITY = YES_AGGRESSIVE;
				CLANG_WARN_UNREACHABLE_CODE = YES;
				CLANG_WARN__DUPLICATE_METHOD_MATCH = YES;
				COPY_PHASE_STRIP = NO;
				DEBUG_INFORMATION_FORMAT = dwarf;
				ENABLE_STRICT_OBJC_MSGSEND = YES;
				ENABLE_TESTABILITY = YES;
				GCC_C_LANGUAGE_STANDARD = gnu11;
				GCC_DYNAMIC_NO_PIC = NO;
				GCC_NO_COMMON_BLOCKS = YES;
				GCC_OPTIMIZATION_LEVEL = 0;
				GCC_PREPROCESSOR_DEFINITIONS = (
					"DEBUG=1",
					"$(inherited)",
				);
				GCC_WARN_64_TO_32_BIT_CONVERSION = YES;
				GCC_WARN_ABOUT_RETURN_TYPE = YES_ERROR;
				GCC_WARN_UNDECLARED_SELECTOR = YES;
				GCC_WARN_UNINITIALIZED_AUTOS = YES_AGGRESSIVE;
				GCC_WARN_UNUSED_FUNCTION = YES;
				GCC_WARN_UNUSED_VARIABLE = YES;
				IPHONEOS_DEPLOYMENT_TARGET = 13.2;
				MTL_ENABLE_DEBUG_INFO = INCLUDE_SOURCE;
				MTL_FAST_MATH = YES;
				ONLY_ACTIVE_ARCH = YES;
				SDKROOT = iphoneos;
				SWIFT_ACTIVE_COMPILATION_CONDITIONS = DEBUG;
				SWIFT_OPTIMIZATION_LEVEL = "-Onone";
			};
			name = Debug;
		};
		F4B3F2F323862B3100657CDF /* Release */ = {
			isa = XCBuildConfiguration;
			buildSettings = {
				ALWAYS_SEARCH_USER_PATHS = NO;
				CLANG_ANALYZER_NONNULL = YES;
				CLANG_ANALYZER_NUMBER_OBJECT_CONVERSION = YES_AGGRESSIVE;
				CLANG_CXX_LANGUAGE_STANDARD = "gnu++14";
				CLANG_CXX_LIBRARY = "libc++";
				CLANG_ENABLE_MODULES = YES;
				CLANG_ENABLE_OBJC_ARC = YES;
				CLANG_ENABLE_OBJC_WEAK = YES;
				CLANG_WARN_BLOCK_CAPTURE_AUTORELEASING = YES;
				CLANG_WARN_BOOL_CONVERSION = YES;
				CLANG_WARN_COMMA = YES;
				CLANG_WARN_CONSTANT_CONVERSION = YES;
				CLANG_WARN_DEPRECATED_OBJC_IMPLEMENTATIONS = YES;
				CLANG_WARN_DIRECT_OBJC_ISA_USAGE = YES_ERROR;
				CLANG_WARN_DOCUMENTATION_COMMENTS = YES;
				CLANG_WARN_EMPTY_BODY = YES;
				CLANG_WARN_ENUM_CONVERSION = YES;
				CLANG_WARN_INFINITE_RECURSION = YES;
				CLANG_WARN_INT_CONVERSION = YES;
				CLANG_WARN_NON_LITERAL_NULL_CONVERSION = YES;
				CLANG_WARN_OBJC_IMPLICIT_RETAIN_SELF = YES;
				CLANG_WARN_OBJC_LITERAL_CONVERSION = YES;
				CLANG_WARN_OBJC_ROOT_CLASS = YES_ERROR;
				CLANG_WARN_RANGE_LOOP_ANALYSIS = YES;
				CLANG_WARN_STRICT_PROTOTYPES = YES;
				CLANG_WARN_SUSPICIOUS_MOVE = YES;
				CLANG_WARN_UNGUARDED_AVAILABILITY = YES_AGGRESSIVE;
				CLANG_WARN_UNREACHABLE_CODE = YES;
				CLANG_WARN__DUPLICATE_METHOD_MATCH = YES;
				COPY_PHASE_STRIP = NO;
				DEBUG_INFORMATION_FORMAT = "dwarf-with-dsym";
				ENABLE_NS_ASSERTIONS = NO;
				ENABLE_STRICT_OBJC_MSGSEND = YES;
				GCC_C_LANGUAGE_STANDARD = gnu11;
				GCC_NO_COMMON_BLOCKS = YES;
				GCC_WARN_64_TO_32_BIT_CONVERSION = YES;
				GCC_WARN_ABOUT_RETURN_TYPE = YES_ERROR;
				GCC_WARN_UNDECLARED_SELECTOR = YES;
				GCC_WARN_UNINITIALIZED_AUTOS = YES_AGGRESSIVE;
				GCC_WARN_UNUSED_FUNCTION = YES;
				GCC_WARN_UNUSED_VARIABLE = YES;
				IPHONEOS_DEPLOYMENT_TARGET = 13.2;
				MTL_ENABLE_DEBUG_INFO = NO;
				MTL_FAST_MATH = YES;
				SDKROOT = iphoneos;
				SWIFT_COMPILATION_MODE = wholemodule;
				SWIFT_OPTIMIZATION_LEVEL = "-O";
				VALIDATE_PRODUCT = YES;
			};
			name = Release;
		};
		F4B3F2F523862B3100657CDF /* Debug */ = {
			isa = XCBuildConfiguration;
			buildSettings = {
				ASSETCATALOG_COMPILER_APPICON_NAME = AppIcon;
				CODE_SIGN_STYLE = Automatic;
				DEVELOPMENT_TEAM = HA9F856YHB;
				INFOPLIST_FILE = KKdayPortal/Info.plist;
				LD_RUNPATH_SEARCH_PATHS = (
					"$(inherited)",
					"@executable_path/Frameworks",
				);
				PRODUCT_BUNDLE_IDENTIFIER = com.weitsungCheng.KKdayPortal.KKdayPortal;
				PRODUCT_NAME = "$(TARGET_NAME)";
				SWIFT_VERSION = 5.0;
				TARGETED_DEVICE_FAMILY = "1,2";
			};
			name = Debug;
		};
		F4B3F2F623862B3100657CDF /* Release */ = {
			isa = XCBuildConfiguration;
			buildSettings = {
				ASSETCATALOG_COMPILER_APPICON_NAME = AppIcon;
				CODE_SIGN_STYLE = Automatic;
				DEVELOPMENT_TEAM = HA9F856YHB;
				INFOPLIST_FILE = KKdayPortal/Info.plist;
				LD_RUNPATH_SEARCH_PATHS = (
					"$(inherited)",
					"@executable_path/Frameworks",
				);
				PRODUCT_BUNDLE_IDENTIFIER = com.weitsungCheng.KKdayPortal.KKdayPortal;
				PRODUCT_NAME = "$(TARGET_NAME)";
				SWIFT_VERSION = 5.0;
				TARGETED_DEVICE_FAMILY = "1,2";
			};
			name = Release;
		};
		F4B3F2F823862B3100657CDF /* Debug */ = {
			isa = XCBuildConfiguration;
			buildSettings = {
				ALWAYS_EMBED_SWIFT_STANDARD_LIBRARIES = YES;
				BUNDLE_LOADER = "$(TEST_HOST)";
				CODE_SIGN_STYLE = Automatic;
				DEVELOPMENT_TEAM = HA9F856YHB;
				INFOPLIST_FILE = KKdayPortalTests/Info.plist;
				IPHONEOS_DEPLOYMENT_TARGET = 13.2;
				LD_RUNPATH_SEARCH_PATHS = (
					"$(inherited)",
					"@executable_path/Frameworks",
					"@loader_path/Frameworks",
				);
				PRODUCT_BUNDLE_IDENTIFIER = com.weitsungCheng.KKdayPortal.KKdayPortalTests;
				PRODUCT_NAME = "$(TARGET_NAME)";
				SWIFT_VERSION = 5.0;
				TARGETED_DEVICE_FAMILY = "1,2";
				TEST_HOST = "$(BUILT_PRODUCTS_DIR)/KKdayPortal.app/KKdayPortal";
			};
			name = Debug;
		};
		F4B3F2F923862B3100657CDF /* Release */ = {
			isa = XCBuildConfiguration;
			buildSettings = {
				ALWAYS_EMBED_SWIFT_STANDARD_LIBRARIES = YES;
				BUNDLE_LOADER = "$(TEST_HOST)";
				CODE_SIGN_STYLE = Automatic;
				DEVELOPMENT_TEAM = HA9F856YHB;
				INFOPLIST_FILE = KKdayPortalTests/Info.plist;
				IPHONEOS_DEPLOYMENT_TARGET = 13.2;
				LD_RUNPATH_SEARCH_PATHS = (
					"$(inherited)",
					"@executable_path/Frameworks",
					"@loader_path/Frameworks",
				);
				PRODUCT_BUNDLE_IDENTIFIER = com.weitsungCheng.KKdayPortal.KKdayPortalTests;
				PRODUCT_NAME = "$(TARGET_NAME)";
				SWIFT_VERSION = 5.0;
				TARGETED_DEVICE_FAMILY = "1,2";
				TEST_HOST = "$(BUILT_PRODUCTS_DIR)/KKdayPortal.app/KKdayPortal";
			};
			name = Release;
		};
		F4B3F2FB23862B3100657CDF /* Debug */ = {
			isa = XCBuildConfiguration;
			buildSettings = {
				ALWAYS_EMBED_SWIFT_STANDARD_LIBRARIES = YES;
				CODE_SIGN_STYLE = Automatic;
				DEVELOPMENT_TEAM = HA9F856YHB;
				INFOPLIST_FILE = KKdayPortalUITests/Info.plist;
				LD_RUNPATH_SEARCH_PATHS = (
					"$(inherited)",
					"@executable_path/Frameworks",
					"@loader_path/Frameworks",
				);
				PRODUCT_BUNDLE_IDENTIFIER = com.weitsungCheng.KKdayPortal.KKdayPortalUITests;
				PRODUCT_NAME = "$(TARGET_NAME)";
				SWIFT_VERSION = 5.0;
				TARGETED_DEVICE_FAMILY = "1,2";
				TEST_TARGET_NAME = KKdayPortal;
			};
			name = Debug;
		};
		F4B3F2FC23862B3100657CDF /* Release */ = {
			isa = XCBuildConfiguration;
			buildSettings = {
				ALWAYS_EMBED_SWIFT_STANDARD_LIBRARIES = YES;
				CODE_SIGN_STYLE = Automatic;
				DEVELOPMENT_TEAM = HA9F856YHB;
				INFOPLIST_FILE = KKdayPortalUITests/Info.plist;
				LD_RUNPATH_SEARCH_PATHS = (
					"$(inherited)",
					"@executable_path/Frameworks",
					"@loader_path/Frameworks",
				);
				PRODUCT_BUNDLE_IDENTIFIER = com.weitsungCheng.KKdayPortal.KKdayPortalUITests;
				PRODUCT_NAME = "$(TARGET_NAME)";
				SWIFT_VERSION = 5.0;
				TARGETED_DEVICE_FAMILY = "1,2";
				TEST_TARGET_NAME = KKdayPortal;
			};
			name = Release;
		};
/* End XCBuildConfiguration section */

/* Begin XCConfigurationList section */
		F4B3F2C523862B3000657CDF /* Build configuration list for PBXProject "KKdayPortal" */ = {
			isa = XCConfigurationList;
			buildConfigurations = (
				F4B3F2F223862B3100657CDF /* Debug */,
				F4B3F2F323862B3100657CDF /* Release */,
			);
			defaultConfigurationIsVisible = 0;
			defaultConfigurationName = Release;
		};
		F4B3F2F423862B3100657CDF /* Build configuration list for PBXNativeTarget "KKdayPortal" */ = {
			isa = XCConfigurationList;
			buildConfigurations = (
				F4B3F2F523862B3100657CDF /* Debug */,
				F4B3F2F623862B3100657CDF /* Release */,
			);
			defaultConfigurationIsVisible = 0;
			defaultConfigurationName = Release;
		};
		F4B3F2F723862B3100657CDF /* Build configuration list for PBXNativeTarget "KKdayPortalTests" */ = {
			isa = XCConfigurationList;
			buildConfigurations = (
				F4B3F2F823862B3100657CDF /* Debug */,
				F4B3F2F923862B3100657CDF /* Release */,
			);
			defaultConfigurationIsVisible = 0;
			defaultConfigurationName = Release;
		};
		F4B3F2FA23862B3100657CDF /* Build configuration list for PBXNativeTarget "KKdayPortalUITests" */ = {
			isa = XCConfigurationList;
			buildConfigurations = (
				F4B3F2FB23862B3100657CDF /* Debug */,
				F4B3F2FC23862B3100657CDF /* Release */,
			);
			defaultConfigurationIsVisible = 0;
			defaultConfigurationName = Release;
		};
/* End XCConfigurationList section */
	};
	rootObject = F4B3F2C223862B3000657CDF /* Project object */;
}
