// !$*UTF8*$!
{
	archiveVersion = 1;
	classes = {
	};
	objectVersion = 51;
	objects = {

/* Begin PBXBuildFile section */
		DBFB8029590BFE0D8DF7EC49 /* Pods_KKdayPortalTests.framework in Frameworks */ = {isa = PBXBuildFile; fileRef = 43F5F0B15E8B40F354CEF419 /* Pods_KKdayPortalTests.framework */; };
		F45446F0238F5A70001B8D31 /* PloneDocument.swift in Sources */ = {isa = PBXBuildFile; fileRef = F45446EF238F5A70001B8D31 /* PloneDocument.swift */; };
		F45446F2238F5BD8001B8D31 /* PloneTextObject.swift in Sources */ = {isa = PBXBuildFile; fileRef = F45446F1238F5BD8001B8D31 /* PloneTextObject.swift */; };
		F45446F4238F6A9D001B8D31 /* PloneNews.swift in Sources */ = {isa = PBXBuildFile; fileRef = F45446F3238F6A9D001B8D31 /* PloneNews.swift */; };
		F45446F6238F6B04001B8D31 /* PloneImageObject.swift in Sources */ = {isa = PBXBuildFile; fileRef = F45446F5238F6B04001B8D31 /* PloneImageObject.swift */; };
		F45446F8238F706C001B8D31 /* PloneEvent.swift in Sources */ = {isa = PBXBuildFile; fileRef = F45446F7238F706C001B8D31 /* PloneEvent.swift */; };
		F45446FA238F70DF001B8D31 /* PloneImage.swift in Sources */ = {isa = PBXBuildFile; fileRef = F45446F9238F70DF001B8D31 /* PloneImage.swift */; };
		F45446FC238F749A001B8D31 /* PloneFile.swift in Sources */ = {isa = PBXBuildFile; fileRef = F45446FB238F749A001B8D31 /* PloneFile.swift */; };
		F45446FE238F74DF001B8D31 /* PloneFileObject.swift in Sources */ = {isa = PBXBuildFile; fileRef = F45446FD238F74DF001B8D31 /* PloneFileObject.swift */; };
		F4544700238F787A001B8D31 /* PloneLink.swift in Sources */ = {isa = PBXBuildFile; fileRef = F45446FF238F787A001B8D31 /* PloneLink.swift */; };
		F454470F238FEF53001B8D31 /* PloneRootViewModel.swift in Sources */ = {isa = PBXBuildFile; fileRef = F454470E238FEF53001B8D31 /* PloneRootViewModel.swift */; };
		F4544711238FEF75001B8D31 /* PloneRootViewController.swift in Sources */ = {isa = PBXBuildFile; fileRef = F4544710238FEF75001B8D31 /* PloneRootViewController.swift */; };
		F4544714239023E3001B8D31 /* PloneControllable.swift in Sources */ = {isa = PBXBuildFile; fileRef = F4544713239023E3001B8D31 /* PloneControllable.swift */; };
		F454471C23917AFF001B8D31 /* PloneFolderTableViewCell.swift in Sources */ = {isa = PBXBuildFile; fileRef = F454471B23917AFF001B8D31 /* PloneFolderTableViewCell.swift */; };
		F454471E239226F3001B8D31 /* PloneCoordinator.swift in Sources */ = {isa = PBXBuildFile; fileRef = F454471D239226F3001B8D31 /* PloneCoordinator.swift */; };
		F454472C2392294B001B8D31 /* PloneDocumentViewModel.swift in Sources */ = {isa = PBXBuildFile; fileRef = F454472B2392294B001B8D31 /* PloneDocumentViewModel.swift */; };
		F454472E23922999001B8D31 /* PloneDocumentViewController.swift in Sources */ = {isa = PBXBuildFile; fileRef = F454472D23922999001B8D31 /* PloneDocumentViewController.swift */; };
		F454473023922A00001B8D31 /* PloneNewsViewModel.swift in Sources */ = {isa = PBXBuildFile; fileRef = F454472F23922A00001B8D31 /* PloneNewsViewModel.swift */; };
		F454473223922BC0001B8D31 /* PloneNewsViewController.swift in Sources */ = {isa = PBXBuildFile; fileRef = F454473123922BC0001B8D31 /* PloneNewsViewController.swift */; };
		F454473423922C27001B8D31 /* PloneEventViewModel.swift in Sources */ = {isa = PBXBuildFile; fileRef = F454473323922C27001B8D31 /* PloneEventViewModel.swift */; };
		F454473623922C40001B8D31 /* PloneEventViewController.swift in Sources */ = {isa = PBXBuildFile; fileRef = F454473523922C40001B8D31 /* PloneEventViewController.swift */; };
		F454473823922C5C001B8D31 /* PloneImageViewModel.swift in Sources */ = {isa = PBXBuildFile; fileRef = F454473723922C5C001B8D31 /* PloneImageViewModel.swift */; };
		F454473A23922C90001B8D31 /* PloneImageViewController.swift in Sources */ = {isa = PBXBuildFile; fileRef = F454473923922C90001B8D31 /* PloneImageViewController.swift */; };
		F454473C23922CCE001B8D31 /* PloneFileViewController.swift in Sources */ = {isa = PBXBuildFile; fileRef = F454473B23922CCE001B8D31 /* PloneFileViewController.swift */; };
		F454473E23922CEA001B8D31 /* PloneFileViewModel.swift in Sources */ = {isa = PBXBuildFile; fileRef = F454473D23922CEA001B8D31 /* PloneFileViewModel.swift */; };
		F454474023922D03001B8D31 /* PloneLinkViewModel.swift in Sources */ = {isa = PBXBuildFile; fileRef = F454473F23922D03001B8D31 /* PloneLinkViewModel.swift */; };
		F454474223923804001B8D31 /* PloneLinkViewController.swift in Sources */ = {isa = PBXBuildFile; fileRef = F454474123923804001B8D31 /* PloneLinkViewController.swift */; };
		F454474423923E20001B8D31 /* PloneCollectionViewController.swift in Sources */ = {isa = PBXBuildFile; fileRef = F454474323923E20001B8D31 /* PloneCollectionViewController.swift */; };
		F454474623923E40001B8D31 /* PloneCollectionViewModel.swift in Sources */ = {isa = PBXBuildFile; fileRef = F454474523923E40001B8D31 /* PloneCollectionViewModel.swift */; };
		F454474A23924BC4001B8D31 /* PloneRootTableViewCell.swift in Sources */ = {isa = PBXBuildFile; fileRef = F454474923924BC4001B8D31 /* PloneRootTableViewCell.swift */; };
		F454474C23924F38001B8D31 /* RXViewModelType.swift in Sources */ = {isa = PBXBuildFile; fileRef = F454474B23924F38001B8D31 /* RXViewModelType.swift */; };
		F454475823928C1C001B8D31 /* PloneCollectionTableViewCell.swift in Sources */ = {isa = PBXBuildFile; fileRef = F454475723928C1C001B8D31 /* PloneCollectionTableViewCell.swift */; };
		F454475B2393A057001B8D31 /* FileManager.swift in Sources */ = {isa = PBXBuildFile; fileRef = F454475A2393A057001B8D31 /* FileManager.swift */; };
		F454475D2393A2F4001B8D31 /* FileResponseType.swift in Sources */ = {isa = PBXBuildFile; fileRef = F454475C2393A2F4001B8D31 /* FileResponseType.swift */; };
		F45447602393AAA6001B8D31 /* PortalFileTargetType.swift in Sources */ = {isa = PBXBuildFile; fileRef = F454475F2393AAA6001B8D31 /* PortalFileTargetType.swift */; };
		F45447622393AAC2001B8D31 /* PortalFileTarget.swift in Sources */ = {isa = PBXBuildFile; fileRef = F45447612393AAC2001B8D31 /* PortalFileTarget.swift */; };
		F454476523960669001B8D31 /* StringExtension.swift in Sources */ = {isa = PBXBuildFile; fileRef = F454476423960669001B8D31 /* StringExtension.swift */; };
		F4544769239609E5001B8D31 /* DateFormatterExtension.swift in Sources */ = {isa = PBXBuildFile; fileRef = F4544768239609E5001B8D31 /* DateFormatterExtension.swift */; };
		F4B3F2CE23862B3000657CDF /* AppDelegate.swift in Sources */ = {isa = PBXBuildFile; fileRef = F4B3F2CD23862B3000657CDF /* AppDelegate.swift */; };
		F4B3F2D023862B3000657CDF /* SceneDelegate.swift in Sources */ = {isa = PBXBuildFile; fileRef = F4B3F2CF23862B3000657CDF /* SceneDelegate.swift */; };
		F4B3F2D723862B3100657CDF /* Assets.xcassets in Resources */ = {isa = PBXBuildFile; fileRef = F4B3F2D623862B3100657CDF /* Assets.xcassets */; };
		F4B3F2DA23862B3100657CDF /* LaunchScreen.storyboard in Resources */ = {isa = PBXBuildFile; fileRef = F4B3F2D823862B3100657CDF /* LaunchScreen.storyboard */; };
		F4B3F2E523862B3100657CDF /* KKdayPortalTests.swift in Sources */ = {isa = PBXBuildFile; fileRef = F4B3F2E423862B3100657CDF /* KKdayPortalTests.swift */; };
		F4B3F2F023862B3100657CDF /* KKdayPortalUITests.swift in Sources */ = {isa = PBXBuildFile; fileRef = F4B3F2EF23862B3100657CDF /* KKdayPortalUITests.swift */; };
		F4B3F3012386386900657CDF /* HomeViewController.swift in Sources */ = {isa = PBXBuildFile; fileRef = F4B3F3002386386900657CDF /* HomeViewController.swift */; };
		F4B3F303238638A400657CDF /* SettingViewController.swift in Sources */ = {isa = PBXBuildFile; fileRef = F4B3F302238638A400657CDF /* SettingViewController.swift */; };
		F4B3F3072386608B00657CDF /* LoginViewController.swift in Sources */ = {isa = PBXBuildFile; fileRef = F4B3F3062386608B00657CDF /* LoginViewController.swift */; };
		F4B3F3112386EE1300657CDF /* CrashlyticsEvent.swift in Sources */ = {isa = PBXBuildFile; fileRef = F4B3F30E2386EE1300657CDF /* CrashlyticsEvent.swift */; };
		F4B3F3122386EE1300657CDF /* CrashlyticsEventRecord.swift in Sources */ = {isa = PBXBuildFile; fileRef = F4B3F3102386EE1300657CDF /* CrashlyticsEventRecord.swift */; };
		F4B3F3142386EE9100657CDF /* NetStatusManager.swift in Sources */ = {isa = PBXBuildFile; fileRef = F4B3F3132386EE9100657CDF /* NetStatusManager.swift */; };
		F4B3F31D2386F53400657CDF /* SecureStoreError.swift in Sources */ = {isa = PBXBuildFile; fileRef = F4B3F3162386F53400657CDF /* SecureStoreError.swift */; };
		F4B3F31E2386F53400657CDF /* SecureStore.swift in Sources */ = {isa = PBXBuildFile; fileRef = F4B3F3172386F53400657CDF /* SecureStore.swift */; };
		F4B3F31F2386F53400657CDF /* InternetProtocol.swift in Sources */ = {isa = PBXBuildFile; fileRef = F4B3F3182386F53400657CDF /* InternetProtocol.swift */; };
		F4B3F3202386F53400657CDF /* InternetAuthenticationType.swift in Sources */ = {isa = PBXBuildFile; fileRef = F4B3F3192386F53400657CDF /* InternetAuthenticationType.swift */; };
		F4B3F3212386F53400657CDF /* SecureStoreQueryable.swift in Sources */ = {isa = PBXBuildFile; fileRef = F4B3F31A2386F53400657CDF /* SecureStoreQueryable.swift */; };
		F4B3F3292387C16D00657CDF /* CodableResponseType.swift in Sources */ = {isa = PBXBuildFile; fileRef = F4B3F3262387C16D00657CDF /* CodableResponseType.swift */; };
		F4B3F32A2387C16D00657CDF /* APIManager.swift in Sources */ = {isa = PBXBuildFile; fileRef = F4B3F3272387C16D00657CDF /* APIManager.swift */; };
		F4B3F32E2387C34C00657CDF /* PortalUserAPITargetType.swift in Sources */ = {isa = PBXBuildFile; fileRef = F4B3F32D2387C34C00657CDF /* PortalUserAPITargetType.swift */; };
		F4B3F3302387CB7100657CDF /* StorageManager.swift in Sources */ = {isa = PBXBuildFile; fileRef = F4B3F32F2387CB7100657CDF /* StorageManager.swift */; };
		F4B3F3342387CD1F00657CDF /* PortalUserAPITarget.swift in Sources */ = {isa = PBXBuildFile; fileRef = F4B3F3332387CD1F00657CDF /* PortalUserAPITarget.swift */; };
		F4B3F3382387CE4E00657CDF /* PloneAuthToken.swift in Sources */ = {isa = PBXBuildFile; fileRef = F4B3F3372387CE4E00657CDF /* PloneAuthToken.swift */; };
		F4B3F33B238BB50400657CDF /* PloneFolderViewController.swift in Sources */ = {isa = PBXBuildFile; fileRef = F4B3F33A238BB50400657CDF /* PloneFolderViewController.swift */; };
		F4B3F340238BC60D00657CDF /* PloneFolder.swift in Sources */ = {isa = PBXBuildFile; fileRef = F4B3F33F238BC60D00657CDF /* PloneFolder.swift */; };
		F4B3F344238BDF0900657CDF /* PloneItem.swift in Sources */ = {isa = PBXBuildFile; fileRef = F4B3F343238BDF0900657CDF /* PloneItem.swift */; };
		F4B3F346238CB9FC00657CDF /* PloneFolderViewModel.swift in Sources */ = {isa = PBXBuildFile; fileRef = F4B3F345238CB9FC00657CDF /* PloneFolderViewModel.swift */; };
		F4C01BF63A920D50EE83D2A4 /* Pods_KKdayPortal.framework in Frameworks */ = {isa = PBXBuildFile; fileRef = AA0A0DF4910C101190EB9DE3 /* Pods_KKdayPortal.framework */; };
		F4FC419D238CCA7D00AC7315 /* PloneUser.swift in Sources */ = {isa = PBXBuildFile; fileRef = F4FC419C238CCA7D00AC7315 /* PloneUser.swift */; };
		F4FC419F238CCB6500AC7315 /* LoginViewModel.swift in Sources */ = {isa = PBXBuildFile; fileRef = F4FC419E238CCB6500AC7315 /* LoginViewModel.swift */; };
		F4FC41A2238D358A00AC7315 /* PortalItemAPITarget.swift in Sources */ = {isa = PBXBuildFile; fileRef = F4FC41A1238D358A00AC7315 /* PortalItemAPITarget.swift */; };
		F4FC41A4238D35AA00AC7315 /* PortalItemAPITargetType.swift in Sources */ = {isa = PBXBuildFile; fileRef = F4FC41A3238D35AA00AC7315 /* PortalItemAPITargetType.swift */; };
		F4FC41A7238EB41700AC7315 /* PloneCollection.swift in Sources */ = {isa = PBXBuildFile; fileRef = F4FC41A6238EB41700AC7315 /* PloneCollection.swift */; };
		F4FC41A9238EBACC00AC7315 /* PloneRoot.swift in Sources */ = {isa = PBXBuildFile; fileRef = F4FC41A8238EBACC00AC7315 /* PloneRoot.swift */; };
/* End PBXBuildFile section */

/* Begin PBXContainerItemProxy section */
		F4B3F2E123862B3100657CDF /* PBXContainerItemProxy */ = {
			isa = PBXContainerItemProxy;
			containerPortal = F4B3F2C223862B3000657CDF /* Project object */;
			proxyType = 1;
			remoteGlobalIDString = F4B3F2C923862B3000657CDF;
			remoteInfo = KKdayPortal;
		};
		F4B3F2EC23862B3100657CDF /* PBXContainerItemProxy */ = {
			isa = PBXContainerItemProxy;
			containerPortal = F4B3F2C223862B3000657CDF /* Project object */;
			proxyType = 1;
			remoteGlobalIDString = F4B3F2C923862B3000657CDF;
			remoteInfo = KKdayPortal;
		};
/* End PBXContainerItemProxy section */

/* Begin PBXFileReference section */
		43F5F0B15E8B40F354CEF419 /* Pods_KKdayPortalTests.framework */ = {isa = PBXFileReference; explicitFileType = wrapper.framework; includeInIndex = 0; path = Pods_KKdayPortalTests.framework; sourceTree = BUILT_PRODUCTS_DIR; };
		52EA813E75F925891771ACDB /* Pods-KKdayPortalTests.release.xcconfig */ = {isa = PBXFileReference; includeInIndex = 1; lastKnownFileType = text.xcconfig; name = "Pods-KKdayPortalTests.release.xcconfig"; path = "Target Support Files/Pods-KKdayPortalTests/Pods-KKdayPortalTests.release.xcconfig"; sourceTree = "<group>"; };
		8266A742D809525944D92DD1 /* Pods-KKdayPortal.debug.xcconfig */ = {isa = PBXFileReference; includeInIndex = 1; lastKnownFileType = text.xcconfig; name = "Pods-KKdayPortal.debug.xcconfig"; path = "Target Support Files/Pods-KKdayPortal/Pods-KKdayPortal.debug.xcconfig"; sourceTree = "<group>"; };
		A922AE7CBA9440CF7FC491D3 /* Pods-KKdayPortal.release.xcconfig */ = {isa = PBXFileReference; includeInIndex = 1; lastKnownFileType = text.xcconfig; name = "Pods-KKdayPortal.release.xcconfig"; path = "Target Support Files/Pods-KKdayPortal/Pods-KKdayPortal.release.xcconfig"; sourceTree = "<group>"; };
		AA0A0DF4910C101190EB9DE3 /* Pods_KKdayPortal.framework */ = {isa = PBXFileReference; explicitFileType = wrapper.framework; includeInIndex = 0; path = Pods_KKdayPortal.framework; sourceTree = BUILT_PRODUCTS_DIR; };
		B077EF77439441D22C1A1DCD /* Pods-KKdayPortalTests.debug.xcconfig */ = {isa = PBXFileReference; includeInIndex = 1; lastKnownFileType = text.xcconfig; name = "Pods-KKdayPortalTests.debug.xcconfig"; path = "Target Support Files/Pods-KKdayPortalTests/Pods-KKdayPortalTests.debug.xcconfig"; sourceTree = "<group>"; };
		F45446EF238F5A70001B8D31 /* PloneDocument.swift */ = {isa = PBXFileReference; lastKnownFileType = sourcecode.swift; path = PloneDocument.swift; sourceTree = "<group>"; };
		F45446F1238F5BD8001B8D31 /* PloneTextObject.swift */ = {isa = PBXFileReference; lastKnownFileType = sourcecode.swift; path = PloneTextObject.swift; sourceTree = "<group>"; };
		F45446F3238F6A9D001B8D31 /* PloneNews.swift */ = {isa = PBXFileReference; lastKnownFileType = sourcecode.swift; path = PloneNews.swift; sourceTree = "<group>"; };
		F45446F5238F6B04001B8D31 /* PloneImageObject.swift */ = {isa = PBXFileReference; lastKnownFileType = sourcecode.swift; path = PloneImageObject.swift; sourceTree = "<group>"; };
		F45446F7238F706C001B8D31 /* PloneEvent.swift */ = {isa = PBXFileReference; lastKnownFileType = sourcecode.swift; path = PloneEvent.swift; sourceTree = "<group>"; };
		F45446F9238F70DF001B8D31 /* PloneImage.swift */ = {isa = PBXFileReference; lastKnownFileType = sourcecode.swift; path = PloneImage.swift; sourceTree = "<group>"; };
		F45446FB238F749A001B8D31 /* PloneFile.swift */ = {isa = PBXFileReference; lastKnownFileType = sourcecode.swift; path = PloneFile.swift; sourceTree = "<group>"; };
		F45446FD238F74DF001B8D31 /* PloneFileObject.swift */ = {isa = PBXFileReference; lastKnownFileType = sourcecode.swift; path = PloneFileObject.swift; sourceTree = "<group>"; };
		F45446FF238F787A001B8D31 /* PloneLink.swift */ = {isa = PBXFileReference; lastKnownFileType = sourcecode.swift; path = PloneLink.swift; sourceTree = "<group>"; };
		F454470E238FEF53001B8D31 /* PloneRootViewModel.swift */ = {isa = PBXFileReference; lastKnownFileType = sourcecode.swift; path = PloneRootViewModel.swift; sourceTree = "<group>"; };
		F4544710238FEF75001B8D31 /* PloneRootViewController.swift */ = {isa = PBXFileReference; lastKnownFileType = sourcecode.swift; path = PloneRootViewController.swift; sourceTree = "<group>"; };
		F4544713239023E3001B8D31 /* PloneControllable.swift */ = {isa = PBXFileReference; lastKnownFileType = sourcecode.swift; path = PloneControllable.swift; sourceTree = "<group>"; };
		F454471B23917AFF001B8D31 /* PloneFolderTableViewCell.swift */ = {isa = PBXFileReference; lastKnownFileType = sourcecode.swift; path = PloneFolderTableViewCell.swift; sourceTree = "<group>"; };
		F454471D239226F3001B8D31 /* PloneCoordinator.swift */ = {isa = PBXFileReference; lastKnownFileType = sourcecode.swift; path = PloneCoordinator.swift; sourceTree = "<group>"; };
		F454472B2392294B001B8D31 /* PloneDocumentViewModel.swift */ = {isa = PBXFileReference; lastKnownFileType = sourcecode.swift; path = PloneDocumentViewModel.swift; sourceTree = "<group>"; };
		F454472D23922999001B8D31 /* PloneDocumentViewController.swift */ = {isa = PBXFileReference; lastKnownFileType = sourcecode.swift; path = PloneDocumentViewController.swift; sourceTree = "<group>"; };
		F454472F23922A00001B8D31 /* PloneNewsViewModel.swift */ = {isa = PBXFileReference; lastKnownFileType = sourcecode.swift; path = PloneNewsViewModel.swift; sourceTree = "<group>"; };
		F454473123922BC0001B8D31 /* PloneNewsViewController.swift */ = {isa = PBXFileReference; lastKnownFileType = sourcecode.swift; path = PloneNewsViewController.swift; sourceTree = "<group>"; };
		F454473323922C27001B8D31 /* PloneEventViewModel.swift */ = {isa = PBXFileReference; lastKnownFileType = sourcecode.swift; path = PloneEventViewModel.swift; sourceTree = "<group>"; };
		F454473523922C40001B8D31 /* PloneEventViewController.swift */ = {isa = PBXFileReference; lastKnownFileType = sourcecode.swift; path = PloneEventViewController.swift; sourceTree = "<group>"; };
		F454473723922C5C001B8D31 /* PloneImageViewModel.swift */ = {isa = PBXFileReference; lastKnownFileType = sourcecode.swift; path = PloneImageViewModel.swift; sourceTree = "<group>"; };
		F454473923922C90001B8D31 /* PloneImageViewController.swift */ = {isa = PBXFileReference; lastKnownFileType = sourcecode.swift; path = PloneImageViewController.swift; sourceTree = "<group>"; };
		F454473B23922CCE001B8D31 /* PloneFileViewController.swift */ = {isa = PBXFileReference; lastKnownFileType = sourcecode.swift; path = PloneFileViewController.swift; sourceTree = "<group>"; };
		F454473D23922CEA001B8D31 /* PloneFileViewModel.swift */ = {isa = PBXFileReference; lastKnownFileType = sourcecode.swift; path = PloneFileViewModel.swift; sourceTree = "<group>"; };
		F454473F23922D03001B8D31 /* PloneLinkViewModel.swift */ = {isa = PBXFileReference; lastKnownFileType = sourcecode.swift; name = PloneLinkViewModel.swift; path = KKdayPortal/Pages/PloneContentPages/PloneFilePage/ViewModel/PloneLinkViewModel.swift; sourceTree = SOURCE_ROOT; };
		F454474123923804001B8D31 /* PloneLinkViewController.swift */ = {isa = PBXFileReference; lastKnownFileType = sourcecode.swift; path = PloneLinkViewController.swift; sourceTree = "<group>"; };
		F454474323923E20001B8D31 /* PloneCollectionViewController.swift */ = {isa = PBXFileReference; lastKnownFileType = sourcecode.swift; path = PloneCollectionViewController.swift; sourceTree = "<group>"; };
		F454474523923E40001B8D31 /* PloneCollectionViewModel.swift */ = {isa = PBXFileReference; lastKnownFileType = sourcecode.swift; path = PloneCollectionViewModel.swift; sourceTree = "<group>"; };
		F454474923924BC4001B8D31 /* PloneRootTableViewCell.swift */ = {isa = PBXFileReference; lastKnownFileType = sourcecode.swift; path = PloneRootTableViewCell.swift; sourceTree = "<group>"; };
		F454474B23924F38001B8D31 /* RXViewModelType.swift */ = {isa = PBXFileReference; lastKnownFileType = sourcecode.swift; path = RXViewModelType.swift; sourceTree = "<group>"; };
		F454475723928C1C001B8D31 /* PloneCollectionTableViewCell.swift */ = {isa = PBXFileReference; lastKnownFileType = sourcecode.swift; path = PloneCollectionTableViewCell.swift; sourceTree = "<group>"; };
		F454475A2393A057001B8D31 /* FileManager.swift */ = {isa = PBXFileReference; lastKnownFileType = sourcecode.swift; path = FileManager.swift; sourceTree = "<group>"; };
		F454475C2393A2F4001B8D31 /* FileResponseType.swift */ = {isa = PBXFileReference; lastKnownFileType = sourcecode.swift; path = FileResponseType.swift; sourceTree = "<group>"; };
		F454475F2393AAA6001B8D31 /* PortalFileTargetType.swift */ = {isa = PBXFileReference; lastKnownFileType = sourcecode.swift; path = PortalFileTargetType.swift; sourceTree = "<group>"; };
		F45447612393AAC2001B8D31 /* PortalFileTarget.swift */ = {isa = PBXFileReference; lastKnownFileType = sourcecode.swift; path = PortalFileTarget.swift; sourceTree = "<group>"; };
		F454476423960669001B8D31 /* StringExtension.swift */ = {isa = PBXFileReference; lastKnownFileType = sourcecode.swift; path = StringExtension.swift; sourceTree = "<group>"; };
		F4544768239609E5001B8D31 /* DateFormatterExtension.swift */ = {isa = PBXFileReference; lastKnownFileType = sourcecode.swift; path = DateFormatterExtension.swift; sourceTree = "<group>"; };
		F4B3F2CA23862B3000657CDF /* KKdayPortal.app */ = {isa = PBXFileReference; explicitFileType = wrapper.application; includeInIndex = 0; path = KKdayPortal.app; sourceTree = BUILT_PRODUCTS_DIR; };
		F4B3F2CD23862B3000657CDF /* AppDelegate.swift */ = {isa = PBXFileReference; lastKnownFileType = sourcecode.swift; path = AppDelegate.swift; sourceTree = "<group>"; };
		F4B3F2CF23862B3000657CDF /* SceneDelegate.swift */ = {isa = PBXFileReference; lastKnownFileType = sourcecode.swift; path = SceneDelegate.swift; sourceTree = "<group>"; };
		F4B3F2D623862B3100657CDF /* Assets.xcassets */ = {isa = PBXFileReference; lastKnownFileType = folder.assetcatalog; path = Assets.xcassets; sourceTree = "<group>"; };
		F4B3F2D923862B3100657CDF /* Base */ = {isa = PBXFileReference; lastKnownFileType = file.storyboard; name = Base; path = Base.lproj/LaunchScreen.storyboard; sourceTree = "<group>"; };
		F4B3F2DB23862B3100657CDF /* Info.plist */ = {isa = PBXFileReference; lastKnownFileType = text.plist.xml; path = Info.plist; sourceTree = "<group>"; };
		F4B3F2E023862B3100657CDF /* KKdayPortalTests.xctest */ = {isa = PBXFileReference; explicitFileType = wrapper.cfbundle; includeInIndex = 0; path = KKdayPortalTests.xctest; sourceTree = BUILT_PRODUCTS_DIR; };
		F4B3F2E423862B3100657CDF /* KKdayPortalTests.swift */ = {isa = PBXFileReference; lastKnownFileType = sourcecode.swift; path = KKdayPortalTests.swift; sourceTree = "<group>"; };
		F4B3F2E623862B3100657CDF /* Info.plist */ = {isa = PBXFileReference; lastKnownFileType = text.plist.xml; path = Info.plist; sourceTree = "<group>"; };
		F4B3F2EB23862B3100657CDF /* KKdayPortalUITests.xctest */ = {isa = PBXFileReference; explicitFileType = wrapper.cfbundle; includeInIndex = 0; path = KKdayPortalUITests.xctest; sourceTree = BUILT_PRODUCTS_DIR; };
		F4B3F2EF23862B3100657CDF /* KKdayPortalUITests.swift */ = {isa = PBXFileReference; lastKnownFileType = sourcecode.swift; path = KKdayPortalUITests.swift; sourceTree = "<group>"; };
		F4B3F2F123862B3100657CDF /* Info.plist */ = {isa = PBXFileReference; lastKnownFileType = text.plist.xml; path = Info.plist; sourceTree = "<group>"; };
		F4B3F3002386386900657CDF /* HomeViewController.swift */ = {isa = PBXFileReference; lastKnownFileType = sourcecode.swift; path = HomeViewController.swift; sourceTree = "<group>"; };
		F4B3F302238638A400657CDF /* SettingViewController.swift */ = {isa = PBXFileReference; lastKnownFileType = sourcecode.swift; path = SettingViewController.swift; sourceTree = "<group>"; };
		F4B3F3062386608B00657CDF /* LoginViewController.swift */ = {isa = PBXFileReference; lastKnownFileType = sourcecode.swift; path = LoginViewController.swift; sourceTree = "<group>"; };
		F4B3F30E2386EE1300657CDF /* CrashlyticsEvent.swift */ = {isa = PBXFileReference; fileEncoding = 4; lastKnownFileType = sourcecode.swift; path = CrashlyticsEvent.swift; sourceTree = "<group>"; };
		F4B3F3102386EE1300657CDF /* CrashlyticsEventRecord.swift */ = {isa = PBXFileReference; fileEncoding = 4; lastKnownFileType = sourcecode.swift; path = CrashlyticsEventRecord.swift; sourceTree = "<group>"; };
		F4B3F3132386EE9100657CDF /* NetStatusManager.swift */ = {isa = PBXFileReference; fileEncoding = 4; lastKnownFileType = sourcecode.swift; path = NetStatusManager.swift; sourceTree = "<group>"; };
		F4B3F3162386F53400657CDF /* SecureStoreError.swift */ = {isa = PBXFileReference; fileEncoding = 4; lastKnownFileType = sourcecode.swift; path = SecureStoreError.swift; sourceTree = "<group>"; };
		F4B3F3172386F53400657CDF /* SecureStore.swift */ = {isa = PBXFileReference; fileEncoding = 4; lastKnownFileType = sourcecode.swift; path = SecureStore.swift; sourceTree = "<group>"; };
		F4B3F3182386F53400657CDF /* InternetProtocol.swift */ = {isa = PBXFileReference; fileEncoding = 4; lastKnownFileType = sourcecode.swift; path = InternetProtocol.swift; sourceTree = "<group>"; };
		F4B3F3192386F53400657CDF /* InternetAuthenticationType.swift */ = {isa = PBXFileReference; fileEncoding = 4; lastKnownFileType = sourcecode.swift; path = InternetAuthenticationType.swift; sourceTree = "<group>"; };
		F4B3F31A2386F53400657CDF /* SecureStoreQueryable.swift */ = {isa = PBXFileReference; fileEncoding = 4; lastKnownFileType = sourcecode.swift; path = SecureStoreQueryable.swift; sourceTree = "<group>"; };
		F4B3F3262387C16D00657CDF /* CodableResponseType.swift */ = {isa = PBXFileReference; fileEncoding = 4; lastKnownFileType = sourcecode.swift; path = CodableResponseType.swift; sourceTree = "<group>"; };
		F4B3F3272387C16D00657CDF /* APIManager.swift */ = {isa = PBXFileReference; fileEncoding = 4; lastKnownFileType = sourcecode.swift; path = APIManager.swift; sourceTree = "<group>"; };
		F4B3F32D2387C34C00657CDF /* PortalUserAPITargetType.swift */ = {isa = PBXFileReference; lastKnownFileType = sourcecode.swift; path = PortalUserAPITargetType.swift; sourceTree = "<group>"; };
		F4B3F32F2387CB7100657CDF /* StorageManager.swift */ = {isa = PBXFileReference; fileEncoding = 4; lastKnownFileType = sourcecode.swift; path = StorageManager.swift; sourceTree = "<group>"; };
		F4B3F3332387CD1F00657CDF /* PortalUserAPITarget.swift */ = {isa = PBXFileReference; lastKnownFileType = sourcecode.swift; path = PortalUserAPITarget.swift; sourceTree = "<group>"; };
		F4B3F3372387CE4E00657CDF /* PloneAuthToken.swift */ = {isa = PBXFileReference; lastKnownFileType = sourcecode.swift; path = PloneAuthToken.swift; sourceTree = "<group>"; };
		F4B3F33A238BB50400657CDF /* PloneFolderViewController.swift */ = {isa = PBXFileReference; lastKnownFileType = sourcecode.swift; path = PloneFolderViewController.swift; sourceTree = "<group>"; };
		F4B3F33F238BC60D00657CDF /* PloneFolder.swift */ = {isa = PBXFileReference; lastKnownFileType = sourcecode.swift; path = PloneFolder.swift; sourceTree = "<group>"; };
		F4B3F343238BDF0900657CDF /* PloneItem.swift */ = {isa = PBXFileReference; lastKnownFileType = sourcecode.swift; path = PloneItem.swift; sourceTree = "<group>"; };
		F4B3F345238CB9FC00657CDF /* PloneFolderViewModel.swift */ = {isa = PBXFileReference; lastKnownFileType = sourcecode.swift; path = PloneFolderViewModel.swift; sourceTree = "<group>"; };
		F4FC419C238CCA7D00AC7315 /* PloneUser.swift */ = {isa = PBXFileReference; lastKnownFileType = sourcecode.swift; path = PloneUser.swift; sourceTree = "<group>"; };
		F4FC419E238CCB6500AC7315 /* LoginViewModel.swift */ = {isa = PBXFileReference; lastKnownFileType = sourcecode.swift; path = LoginViewModel.swift; sourceTree = "<group>"; };
		F4FC41A1238D358A00AC7315 /* PortalItemAPITarget.swift */ = {isa = PBXFileReference; lastKnownFileType = sourcecode.swift; path = PortalItemAPITarget.swift; sourceTree = "<group>"; };
		F4FC41A3238D35AA00AC7315 /* PortalItemAPITargetType.swift */ = {isa = PBXFileReference; lastKnownFileType = sourcecode.swift; path = PortalItemAPITargetType.swift; sourceTree = "<group>"; };
		F4FC41A6238EB41700AC7315 /* PloneCollection.swift */ = {isa = PBXFileReference; lastKnownFileType = sourcecode.swift; path = PloneCollection.swift; sourceTree = "<group>"; };
		F4FC41A8238EBACC00AC7315 /* PloneRoot.swift */ = {isa = PBXFileReference; lastKnownFileType = sourcecode.swift; path = PloneRoot.swift; sourceTree = "<group>"; };
/* End PBXFileReference section */

/* Begin PBXFrameworksBuildPhase section */
		F4B3F2C723862B3000657CDF /* Frameworks */ = {
			isa = PBXFrameworksBuildPhase;
			buildActionMask = 2147483647;
			files = (
				F4C01BF63A920D50EE83D2A4 /* Pods_KKdayPortal.framework in Frameworks */,
			);
			runOnlyForDeploymentPostprocessing = 0;
		};
		F4B3F2DD23862B3100657CDF /* Frameworks */ = {
			isa = PBXFrameworksBuildPhase;
			buildActionMask = 2147483647;
			files = (
				DBFB8029590BFE0D8DF7EC49 /* Pods_KKdayPortalTests.framework in Frameworks */,
			);
			runOnlyForDeploymentPostprocessing = 0;
		};
		F4B3F2E823862B3100657CDF /* Frameworks */ = {
			isa = PBXFrameworksBuildPhase;
			buildActionMask = 2147483647;
			files = (
			);
			runOnlyForDeploymentPostprocessing = 0;
		};
/* End PBXFrameworksBuildPhase section */

/* Begin PBXGroup section */
		8D7EAA3CFA3FD11945DE76EA /* Frameworks */ = {
			isa = PBXGroup;
			children = (
				AA0A0DF4910C101190EB9DE3 /* Pods_KKdayPortal.framework */,
				43F5F0B15E8B40F354CEF419 /* Pods_KKdayPortalTests.framework */,
			);
			name = Frameworks;
			sourceTree = "<group>";
		};
		9FCD06F76BBA93E310024506 /* Pods */ = {
			isa = PBXGroup;
			children = (
				8266A742D809525944D92DD1 /* Pods-KKdayPortal.debug.xcconfig */,
				A922AE7CBA9440CF7FC491D3 /* Pods-KKdayPortal.release.xcconfig */,
				B077EF77439441D22C1A1DCD /* Pods-KKdayPortalTests.debug.xcconfig */,
				52EA813E75F925891771ACDB /* Pods-KKdayPortalTests.release.xcconfig */,
			);
			path = Pods;
			sourceTree = "<group>";
		};
		F4544701238FD520001B8D31 /* PloneFolderPage */ = {
			isa = PBXGroup;
			children = (
				F4B3F33D238BC4E100657CDF /* ViewModel */,
				F4B3F33C238BC4D300657CDF /* View */,
				F454474723924B89001B8D31 /* Cell */,
			);
			path = PloneFolderPage;
			sourceTree = "<group>";
		};
		F4544702238FD614001B8D31 /* ViewModel */ = {
			isa = PBXGroup;
			children = (
				F454470E238FEF53001B8D31 /* PloneRootViewModel.swift */,
			);
			path = ViewModel;
			sourceTree = "<group>";
		};
		F4544703238FD7BE001B8D31 /* View */ = {
			isa = PBXGroup;
			children = (
				F4544710238FEF75001B8D31 /* PloneRootViewController.swift */,
			);
			path = View;
			sourceTree = "<group>";
		};
		F4544704238FD837001B8D31 /* PloneContentPages */ = {
			isa = PBXGroup;
			children = (
				F4B3F339238BB4C100657CDF /* PloneRootPage */,
				F4544701238FD520001B8D31 /* PloneFolderPage */,
				F4544705238FD8BE001B8D31 /* PloneDocumentPage */,
				F4544708238FD936001B8D31 /* PloneNewsPage */,
				F4544709238FD939001B8D31 /* PloneEventPage */,
				F454470A238FD93C001B8D31 /* PloneImagePage */,
				F454470B238FD946001B8D31 /* PloneFilePage */,
				F454470C238FD94A001B8D31 /* PloneLinkPage */,
				F454470D238FD94C001B8D31 /* PloneCollectionPage */,
			);
			path = PloneContentPages;
			sourceTree = "<group>";
		};
		F4544705238FD8BE001B8D31 /* PloneDocumentPage */ = {
			isa = PBXGroup;
			children = (
				F4544707238FD8DD001B8D31 /* ViewModel */,
				F4544706238FD8DC001B8D31 /* View */,
			);
			path = PloneDocumentPage;
			sourceTree = "<group>";
		};
		F4544706238FD8DC001B8D31 /* View */ = {
			isa = PBXGroup;
			children = (
				F454472D23922999001B8D31 /* PloneDocumentViewController.swift */,
			);
			path = View;
			sourceTree = "<group>";
		};
		F4544707238FD8DD001B8D31 /* ViewModel */ = {
			isa = PBXGroup;
			children = (
				F454472B2392294B001B8D31 /* PloneDocumentViewModel.swift */,
			);
			path = ViewModel;
			sourceTree = "<group>";
		};
		F4544708238FD936001B8D31 /* PloneNewsPage */ = {
			isa = PBXGroup;
			children = (
				F45447202392284E001B8D31 /* ViewModel */,
				F454471F2392283E001B8D31 /* View */,
			);
			path = PloneNewsPage;
			sourceTree = "<group>";
		};
		F4544709238FD939001B8D31 /* PloneEventPage */ = {
			isa = PBXGroup;
			children = (
				F454472223922859001B8D31 /* ViewModel */,
				F454472123922854001B8D31 /* View */,
			);
			path = PloneEventPage;
			sourceTree = "<group>";
		};
		F454470A238FD93C001B8D31 /* PloneImagePage */ = {
			isa = PBXGroup;
			children = (
				F454472423922886001B8D31 /* ViewModel */,
				F45447232392286F001B8D31 /* View */,
			);
			path = PloneImagePage;
			sourceTree = "<group>";
		};
		F454470B238FD946001B8D31 /* PloneFilePage */ = {
			isa = PBXGroup;
			children = (
				F4544726239228A6001B8D31 /* ViewModel */,
				F454472523922891001B8D31 /* View */,
			);
			path = PloneFilePage;
			sourceTree = "<group>";
		};
		F454470C238FD94A001B8D31 /* PloneLinkPage */ = {
			isa = PBXGroup;
			children = (
				F4544728239228E9001B8D31 /* ViewModel */,
				F4544727239228E3001B8D31 /* View */,
			);
			path = PloneLinkPage;
			sourceTree = "<group>";
		};
		F454470D238FD94C001B8D31 /* PloneCollectionPage */ = {
			isa = PBXGroup;
			children = (
				F454472A239228FC001B8D31 /* ViewModel */,
				F4544729239228FA001B8D31 /* View */,
				F454475523928BCD001B8D31 /* Cell */,
			);
			path = PloneCollectionPage;
			sourceTree = "<group>";
		};
		F45447122390220E001B8D31 /* PloneProtocol */ = {
			isa = PBXGroup;
			children = (
				F4544713239023E3001B8D31 /* PloneControllable.swift */,
				F454471D239226F3001B8D31 /* PloneCoordinator.swift */,
			);
			path = PloneProtocol;
			sourceTree = "<group>";
		};
		F4544718239179E2001B8D31 /* Cell */ = {
			isa = PBXGroup;
			children = (
				F454471923917A0C001B8D31 /* View */,
			);
			path = Cell;
			sourceTree = "<group>";
		};
		F454471923917A0C001B8D31 /* View */ = {
			isa = PBXGroup;
			children = (
				F454474923924BC4001B8D31 /* PloneRootTableViewCell.swift */,
			);
			path = View;
			sourceTree = "<group>";
		};
		F454471F2392283E001B8D31 /* View */ = {
			isa = PBXGroup;
			children = (
				F454473123922BC0001B8D31 /* PloneNewsViewController.swift */,
			);
			path = View;
			sourceTree = "<group>";
		};
		F45447202392284E001B8D31 /* ViewModel */ = {
			isa = PBXGroup;
			children = (
				F454472F23922A00001B8D31 /* PloneNewsViewModel.swift */,
			);
			path = ViewModel;
			sourceTree = "<group>";
		};
		F454472123922854001B8D31 /* View */ = {
			isa = PBXGroup;
			children = (
				F454473523922C40001B8D31 /* PloneEventViewController.swift */,
			);
			path = View;
			sourceTree = "<group>";
		};
		F454472223922859001B8D31 /* ViewModel */ = {
			isa = PBXGroup;
			children = (
				F454473323922C27001B8D31 /* PloneEventViewModel.swift */,
			);
			path = ViewModel;
			sourceTree = "<group>";
		};
		F45447232392286F001B8D31 /* View */ = {
			isa = PBXGroup;
			children = (
				F454473923922C90001B8D31 /* PloneImageViewController.swift */,
			);
			path = View;
			sourceTree = "<group>";
		};
		F454472423922886001B8D31 /* ViewModel */ = {
			isa = PBXGroup;
			children = (
				F454473723922C5C001B8D31 /* PloneImageViewModel.swift */,
			);
			path = ViewModel;
			sourceTree = "<group>";
		};
		F454472523922891001B8D31 /* View */ = {
			isa = PBXGroup;
			children = (
				F454473B23922CCE001B8D31 /* PloneFileViewController.swift */,
			);
			path = View;
			sourceTree = "<group>";
		};
		F4544726239228A6001B8D31 /* ViewModel */ = {
			isa = PBXGroup;
			children = (
				F454473D23922CEA001B8D31 /* PloneFileViewModel.swift */,
			);
			path = ViewModel;
			sourceTree = "<group>";
		};
		F4544727239228E3001B8D31 /* View */ = {
			isa = PBXGroup;
			children = (
				F454474123923804001B8D31 /* PloneLinkViewController.swift */,
			);
			path = View;
			sourceTree = "<group>";
		};
		F4544728239228E9001B8D31 /* ViewModel */ = {
			isa = PBXGroup;
			children = (
				F454473F23922D03001B8D31 /* PloneLinkViewModel.swift */,
			);
			name = ViewModel;
			path = "New Group/ViewModel";
			sourceTree = "<group>";
		};
		F4544729239228FA001B8D31 /* View */ = {
			isa = PBXGroup;
			children = (
				F454474323923E20001B8D31 /* PloneCollectionViewController.swift */,
			);
			path = View;
			sourceTree = "<group>";
		};
		F454472A239228FC001B8D31 /* ViewModel */ = {
			isa = PBXGroup;
			children = (
				F454474523923E40001B8D31 /* PloneCollectionViewModel.swift */,
			);
			path = ViewModel;
			sourceTree = "<group>";
		};
		F454474723924B89001B8D31 /* Cell */ = {
			isa = PBXGroup;
			children = (
				F454474823924B94001B8D31 /* View */,
			);
			path = Cell;
			sourceTree = "<group>";
		};
		F454474823924B94001B8D31 /* View */ = {
			isa = PBXGroup;
			children = (
				F454471B23917AFF001B8D31 /* PloneFolderTableViewCell.swift */,
			);
			path = View;
			sourceTree = "<group>";
		};
		F454474D2392651C001B8D31 /* View */ = {
			isa = PBXGroup;
			children = (
				F4B3F3002386386900657CDF /* HomeViewController.swift */,
			);
			path = View;
			sourceTree = "<group>";
		};
		F454474E23926524001B8D31 /* ViewModel */ = {
			isa = PBXGroup;
			children = (
			);
			path = ViewModel;
			sourceTree = "<group>";
		};
		F454474F23926606001B8D31 /* ViewModel */ = {
			isa = PBXGroup;
			children = (
			);
			path = ViewModel;
			sourceTree = "<group>";
		};
		F454475023926612001B8D31 /* View */ = {
			isa = PBXGroup;
			children = (
				F4B3F302238638A400657CDF /* SettingViewController.swift */,
			);
			path = View;
			sourceTree = "<group>";
		};
		F454475123926624001B8D31 /* View */ = {
			isa = PBXGroup;
			children = (
				F4B3F3062386608B00657CDF /* LoginViewController.swift */,
			);
			path = View;
			sourceTree = "<group>";
		};
		F45447522392662C001B8D31 /* ViewModel */ = {
			isa = PBXGroup;
			children = (
				F4FC419E238CCB6500AC7315 /* LoginViewModel.swift */,
			);
			path = ViewModel;
			sourceTree = "<group>";
		};
		F4544753239266FF001B8D31 /* PloneAPI */ = {
			isa = PBXGroup;
			children = (
				F4B3F32D2387C34C00657CDF /* PortalUserAPITargetType.swift */,
				F4B3F3332387CD1F00657CDF /* PortalUserAPITarget.swift */,
				F4FC41A3238D35AA00AC7315 /* PortalItemAPITargetType.swift */,
				F4FC41A1238D358A00AC7315 /* PortalItemAPITarget.swift */,
			);
			path = PloneAPI;
			sourceTree = "<group>";
		};
		F454475423926725001B8D31 /* Protocol */ = {
			isa = PBXGroup;
			children = (
				F454474B23924F38001B8D31 /* RXViewModelType.swift */,
			);
			path = Protocol;
			sourceTree = "<group>";
		};
		F454475523928BCD001B8D31 /* Cell */ = {
			isa = PBXGroup;
			children = (
				F454475623928BE8001B8D31 /* View */,
			);
			path = Cell;
			sourceTree = "<group>";
		};
		F454475623928BE8001B8D31 /* View */ = {
			isa = PBXGroup;
			children = (
				F454475723928C1C001B8D31 /* PloneCollectionTableViewCell.swift */,
			);
			path = View;
			sourceTree = "<group>";
		};
		F454475923939FC0001B8D31 /* FileManager */ = {
			isa = PBXGroup;
			children = (
				F454475A2393A057001B8D31 /* FileManager.swift */,
				F454475C2393A2F4001B8D31 /* FileResponseType.swift */,
			);
			path = FileManager;
			sourceTree = "<group>";
		};
		F454475E2393A9E5001B8D31 /* FileTarget */ = {
			isa = PBXGroup;
			children = (
				F454475F2393AAA6001B8D31 /* PortalFileTargetType.swift */,
				F45447612393AAC2001B8D31 /* PortalFileTarget.swift */,
			);
			path = FileTarget;
			sourceTree = "<group>";
		};
		F4544763239602FD001B8D31 /* Extension */ = {
			isa = PBXGroup;
			children = (
				F454476423960669001B8D31 /* StringExtension.swift */,
				F4544768239609E5001B8D31 /* DateFormatterExtension.swift */,
			);
			path = Extension;
			sourceTree = "<group>";
		};
		F4B3F2C123862B3000657CDF = {
			isa = PBXGroup;
			children = (
				F4B3F2CC23862B3000657CDF /* KKdayPortal */,
				F4B3F2E323862B3100657CDF /* KKdayPortalTests */,
				F4B3F2EE23862B3100657CDF /* KKdayPortalUITests */,
				F4B3F2CB23862B3000657CDF /* Products */,
				9FCD06F76BBA93E310024506 /* Pods */,
				8D7EAA3CFA3FD11945DE76EA /* Frameworks */,
			);
			sourceTree = "<group>";
		};
		F4B3F2CB23862B3000657CDF /* Products */ = {
			isa = PBXGroup;
			children = (
				F4B3F2CA23862B3000657CDF /* KKdayPortal.app */,
				F4B3F2E023862B3100657CDF /* KKdayPortalTests.xctest */,
				F4B3F2EB23862B3100657CDF /* KKdayPortalUITests.xctest */,
			);
			name = Products;
			sourceTree = "<group>";
		};
		F4B3F2CC23862B3000657CDF /* KKdayPortal */ = {
			isa = PBXGroup;
			children = (
				F4544763239602FD001B8D31 /* Extension */,
				F454475423926725001B8D31 /* Protocol */,
				F4B3F3242387C15B00657CDF /* Network */,
				F45447122390220E001B8D31 /* PloneProtocol */,
				F4B3F3352387CDB000657CDF /* PloneModel */,
				F4B3F30C2386EE1300657CDF /* EventRecord */,
				F4B3F30B2386EDFA00657CDF /* Manager */,
				F4B3F2FD238636F700657CDF /* Pages */,
				F4B3F2CD23862B3000657CDF /* AppDelegate.swift */,
				F4B3F2CF23862B3000657CDF /* SceneDelegate.swift */,
				F4B3F2D623862B3100657CDF /* Assets.xcassets */,
				F4B3F2D823862B3100657CDF /* LaunchScreen.storyboard */,
				F4B3F2DB23862B3100657CDF /* Info.plist */,
			);
			path = KKdayPortal;
			sourceTree = "<group>";
		};
		F4B3F2E323862B3100657CDF /* KKdayPortalTests */ = {
			isa = PBXGroup;
			children = (
				F4B3F2E423862B3100657CDF /* KKdayPortalTests.swift */,
				F4B3F2E623862B3100657CDF /* Info.plist */,
			);
			path = KKdayPortalTests;
			sourceTree = "<group>";
		};
		F4B3F2EE23862B3100657CDF /* KKdayPortalUITests */ = {
			isa = PBXGroup;
			children = (
				F4B3F2EF23862B3100657CDF /* KKdayPortalUITests.swift */,
				F4B3F2F123862B3100657CDF /* Info.plist */,
			);
			path = KKdayPortalUITests;
			sourceTree = "<group>";
		};
		F4B3F2FD238636F700657CDF /* Pages */ = {
			isa = PBXGroup;
			children = (
				F4B3F2FE2386371100657CDF /* HomePage */,
				F4544704238FD837001B8D31 /* PloneContentPages */,
				F4B3F2FF2386372400657CDF /* SettingPage */,
				F4B3F30423863C9100657CDF /* LoginPage */,
			);
			path = Pages;
			sourceTree = "<group>";
		};
		F4B3F2FE2386371100657CDF /* HomePage */ = {
			isa = PBXGroup;
			children = (
				F454474E23926524001B8D31 /* ViewModel */,
				F454474D2392651C001B8D31 /* View */,
			);
			path = HomePage;
			sourceTree = "<group>";
		};
		F4B3F2FF2386372400657CDF /* SettingPage */ = {
			isa = PBXGroup;
			children = (
				F454474F23926606001B8D31 /* ViewModel */,
				F454475023926612001B8D31 /* View */,
			);
			path = SettingPage;
			sourceTree = "<group>";
		};
		F4B3F30423863C9100657CDF /* LoginPage */ = {
			isa = PBXGroup;
			children = (
				F45447522392662C001B8D31 /* ViewModel */,
				F454475123926624001B8D31 /* View */,
			);
			path = LoginPage;
			sourceTree = "<group>";
		};
		F4B3F30B2386EDFA00657CDF /* Manager */ = {
			isa = PBXGroup;
			children = (
				F4B3F3152386F53400657CDF /* SecureStore */,
				F4B3F3132386EE9100657CDF /* NetStatusManager.swift */,
				F4B3F32F2387CB7100657CDF /* StorageManager.swift */,
			);
			path = Manager;
			sourceTree = "<group>";
		};
		F4B3F30C2386EE1300657CDF /* EventRecord */ = {
			isa = PBXGroup;
			children = (
				F4B3F30D2386EE1300657CDF /* Protocol */,
				F4B3F30F2386EE1300657CDF /* Struct */,
			);
			path = EventRecord;
			sourceTree = "<group>";
		};
		F4B3F30D2386EE1300657CDF /* Protocol */ = {
			isa = PBXGroup;
			children = (
				F4B3F30E2386EE1300657CDF /* CrashlyticsEvent.swift */,
			);
			path = Protocol;
			sourceTree = "<group>";
		};
		F4B3F30F2386EE1300657CDF /* Struct */ = {
			isa = PBXGroup;
			children = (
				F4B3F3102386EE1300657CDF /* CrashlyticsEventRecord.swift */,
			);
			path = Struct;
			sourceTree = "<group>";
		};
		F4B3F3152386F53400657CDF /* SecureStore */ = {
			isa = PBXGroup;
			children = (
				F4B3F3162386F53400657CDF /* SecureStoreError.swift */,
				F4B3F3172386F53400657CDF /* SecureStore.swift */,
				F4B3F3182386F53400657CDF /* InternetProtocol.swift */,
				F4B3F3192386F53400657CDF /* InternetAuthenticationType.swift */,
				F4B3F31A2386F53400657CDF /* SecureStoreQueryable.swift */,
			);
			path = SecureStore;
			sourceTree = "<group>";
		};
		F4B3F3242387C15B00657CDF /* Network */ = {
			isa = PBXGroup;
			children = (
				F4B3F3252387C16D00657CDF /* APIManager */,
				F4B3F32C2387C29900657CDF /* APITarget */,
				F454475923939FC0001B8D31 /* FileManager */,
				F454475E2393A9E5001B8D31 /* FileTarget */,
			);
			path = Network;
			sourceTree = "<group>";
		};
		F4B3F3252387C16D00657CDF /* APIManager */ = {
			isa = PBXGroup;
			children = (
				F4B3F3262387C16D00657CDF /* CodableResponseType.swift */,
				F4B3F3272387C16D00657CDF /* APIManager.swift */,
			);
			path = APIManager;
			sourceTree = "<group>";
		};
		F4B3F32C2387C29900657CDF /* APITarget */ = {
			isa = PBXGroup;
			children = (
				F4544753239266FF001B8D31 /* PloneAPI */,
			);
			path = APITarget;
			sourceTree = "<group>";
		};
		F4B3F3352387CDB000657CDF /* PloneModel */ = {
			isa = PBXGroup;
			children = (
				F4FC41A0238CD78E00AC7315 /* PloneUser */,
				F4B3F3362387CDC300657CDF /* PloneItem */,
			);
			path = PloneModel;
			sourceTree = "<group>";
		};
		F4B3F3362387CDC300657CDF /* PloneItem */ = {
			isa = PBXGroup;
			children = (
				F4B3F343238BDF0900657CDF /* PloneItem.swift */,
				F45446F1238F5BD8001B8D31 /* PloneTextObject.swift */,
				F45446F5238F6B04001B8D31 /* PloneImageObject.swift */,
				F45446FD238F74DF001B8D31 /* PloneFileObject.swift */,
				F4FC41A5238E75FB00AC7315 /* PloneContent */,
			);
			path = PloneItem;
			sourceTree = "<group>";
		};
		F4B3F339238BB4C100657CDF /* PloneRootPage */ = {
			isa = PBXGroup;
			children = (
				F4544702238FD614001B8D31 /* ViewModel */,
				F4544703238FD7BE001B8D31 /* View */,
				F4544718239179E2001B8D31 /* Cell */,
			);
			path = PloneRootPage;
			sourceTree = "<group>";
		};
		F4B3F33C238BC4D300657CDF /* View */ = {
			isa = PBXGroup;
			children = (
				F4B3F33A238BB50400657CDF /* PloneFolderViewController.swift */,
			);
			path = View;
			sourceTree = "<group>";
		};
		F4B3F33D238BC4E100657CDF /* ViewModel */ = {
			isa = PBXGroup;
			children = (
				F4B3F345238CB9FC00657CDF /* PloneFolderViewModel.swift */,
			);
			path = ViewModel;
			sourceTree = "<group>";
		};
		F4FC41A0238CD78E00AC7315 /* PloneUser */ = {
			isa = PBXGroup;
			children = (
				F4B3F3372387CE4E00657CDF /* PloneAuthToken.swift */,
				F4FC419C238CCA7D00AC7315 /* PloneUser.swift */,
			);
			path = PloneUser;
			sourceTree = "<group>";
		};
		F4FC41A5238E75FB00AC7315 /* PloneContent */ = {
			isa = PBXGroup;
			children = (
				F4FC41A8238EBACC00AC7315 /* PloneRoot.swift */,
				F4B3F33F238BC60D00657CDF /* PloneFolder.swift */,
				F45446EF238F5A70001B8D31 /* PloneDocument.swift */,
				F45446F3238F6A9D001B8D31 /* PloneNews.swift */,
				F45446F7238F706C001B8D31 /* PloneEvent.swift */,
				F45446F9238F70DF001B8D31 /* PloneImage.swift */,
				F45446FB238F749A001B8D31 /* PloneFile.swift */,
				F45446FF238F787A001B8D31 /* PloneLink.swift */,
				F4FC41A6238EB41700AC7315 /* PloneCollection.swift */,
			);
			path = PloneContent;
			sourceTree = "<group>";
		};
/* End PBXGroup section */

/* Begin PBXNativeTarget section */
		F4B3F2C923862B3000657CDF /* KKdayPortal */ = {
			isa = PBXNativeTarget;
			buildConfigurationList = F4B3F2F423862B3100657CDF /* Build configuration list for PBXNativeTarget "KKdayPortal" */;
			buildPhases = (
				7B715A6943CD46A915930AD2 /* [CP] Check Pods Manifest.lock */,
				F4B3F2C623862B3000657CDF /* Sources */,
				F4B3F2C723862B3000657CDF /* Frameworks */,
				F4B3F2C823862B3000657CDF /* Resources */,
				03734F26BE43D4B7AE7C06BF /* [CP] Embed Pods Frameworks */,
			);
			buildRules = (
			);
			dependencies = (
			);
			name = KKdayPortal;
			productName = KKdayPortal;
			productReference = F4B3F2CA23862B3000657CDF /* KKdayPortal.app */;
			productType = "com.apple.product-type.application";
		};
		F4B3F2DF23862B3100657CDF /* KKdayPortalTests */ = {
			isa = PBXNativeTarget;
			buildConfigurationList = F4B3F2F723862B3100657CDF /* Build configuration list for PBXNativeTarget "KKdayPortalTests" */;
			buildPhases = (
				7EEF68B45133DBBDC6AC9F6C /* [CP] Check Pods Manifest.lock */,
				F4B3F2DC23862B3100657CDF /* Sources */,
				F4B3F2DD23862B3100657CDF /* Frameworks */,
				F4B3F2DE23862B3100657CDF /* Resources */,
			);
			buildRules = (
			);
			dependencies = (
				F4B3F2E223862B3100657CDF /* PBXTargetDependency */,
			);
			name = KKdayPortalTests;
			productName = KKdayPortalTests;
			productReference = F4B3F2E023862B3100657CDF /* KKdayPortalTests.xctest */;
			productType = "com.apple.product-type.bundle.unit-test";
		};
		F4B3F2EA23862B3100657CDF /* KKdayPortalUITests */ = {
			isa = PBXNativeTarget;
			buildConfigurationList = F4B3F2FA23862B3100657CDF /* Build configuration list for PBXNativeTarget "KKdayPortalUITests" */;
			buildPhases = (
				F4B3F2E723862B3100657CDF /* Sources */,
				F4B3F2E823862B3100657CDF /* Frameworks */,
				F4B3F2E923862B3100657CDF /* Resources */,
			);
			buildRules = (
			);
			dependencies = (
				F4B3F2ED23862B3100657CDF /* PBXTargetDependency */,
			);
			name = KKdayPortalUITests;
			productName = KKdayPortalUITests;
			productReference = F4B3F2EB23862B3100657CDF /* KKdayPortalUITests.xctest */;
			productType = "com.apple.product-type.bundle.ui-testing";
		};
/* End PBXNativeTarget section */

/* Begin PBXProject section */
		F4B3F2C223862B3000657CDF /* Project object */ = {
			isa = PBXProject;
			attributes = {
				LastSwiftUpdateCheck = 1120;
				LastUpgradeCheck = 1120;
				ORGANIZATIONNAME = "WEI-TSUNG CHENG";
				TargetAttributes = {
					F4B3F2C923862B3000657CDF = {
						CreatedOnToolsVersion = 11.2.1;
					};
					F4B3F2DF23862B3100657CDF = {
						CreatedOnToolsVersion = 11.2.1;
						TestTargetID = F4B3F2C923862B3000657CDF;
					};
					F4B3F2EA23862B3100657CDF = {
						CreatedOnToolsVersion = 11.2.1;
						TestTargetID = F4B3F2C923862B3000657CDF;
					};
				};
			};
			buildConfigurationList = F4B3F2C523862B3000657CDF /* Build configuration list for PBXProject "KKdayPortal" */;
			compatibilityVersion = "Xcode 9.3";
			developmentRegion = en;
			hasScannedForEncodings = 0;
			knownRegions = (
				en,
				Base,
			);
			mainGroup = F4B3F2C123862B3000657CDF;
			productRefGroup = F4B3F2CB23862B3000657CDF /* Products */;
			projectDirPath = "";
			projectRoot = "";
			targets = (
				F4B3F2C923862B3000657CDF /* KKdayPortal */,
				F4B3F2DF23862B3100657CDF /* KKdayPortalTests */,
				F4B3F2EA23862B3100657CDF /* KKdayPortalUITests */,
			);
		};
/* End PBXProject section */

/* Begin PBXResourcesBuildPhase section */
		F4B3F2C823862B3000657CDF /* Resources */ = {
			isa = PBXResourcesBuildPhase;
			buildActionMask = 2147483647;
			files = (
				F4B3F2DA23862B3100657CDF /* LaunchScreen.storyboard in Resources */,
				F4B3F2D723862B3100657CDF /* Assets.xcassets in Resources */,
			);
			runOnlyForDeploymentPostprocessing = 0;
		};
		F4B3F2DE23862B3100657CDF /* Resources */ = {
			isa = PBXResourcesBuildPhase;
			buildActionMask = 2147483647;
			files = (
			);
			runOnlyForDeploymentPostprocessing = 0;
		};
		F4B3F2E923862B3100657CDF /* Resources */ = {
			isa = PBXResourcesBuildPhase;
			buildActionMask = 2147483647;
			files = (
			);
			runOnlyForDeploymentPostprocessing = 0;
		};
/* End PBXResourcesBuildPhase section */

/* Begin PBXShellScriptBuildPhase section */
		03734F26BE43D4B7AE7C06BF /* [CP] Embed Pods Frameworks */ = {
			isa = PBXShellScriptBuildPhase;
			buildActionMask = 2147483647;
			files = (
			);
			inputFileListPaths = (
				"${PODS_ROOT}/Target Support Files/Pods-KKdayPortal/Pods-KKdayPortal-frameworks-${CONFIGURATION}-input-files.xcfilelist",
			);
			name = "[CP] Embed Pods Frameworks";
			outputFileListPaths = (
				"${PODS_ROOT}/Target Support Files/Pods-KKdayPortal/Pods-KKdayPortal-frameworks-${CONFIGURATION}-output-files.xcfilelist",
			);
			runOnlyForDeploymentPostprocessing = 0;
			shellPath = /bin/sh;
			shellScript = "\"${PODS_ROOT}/Target Support Files/Pods-KKdayPortal/Pods-KKdayPortal-frameworks.sh\"\n";
			showEnvVarsInLog = 0;
		};
		7B715A6943CD46A915930AD2 /* [CP] Check Pods Manifest.lock */ = {
			isa = PBXShellScriptBuildPhase;
			buildActionMask = 2147483647;
			files = (
			);
			inputFileListPaths = (
			);
			inputPaths = (
				"${PODS_PODFILE_DIR_PATH}/Podfile.lock",
				"${PODS_ROOT}/Manifest.lock",
			);
			name = "[CP] Check Pods Manifest.lock";
			outputFileListPaths = (
			);
			outputPaths = (
				"$(DERIVED_FILE_DIR)/Pods-KKdayPortal-checkManifestLockResult.txt",
			);
			runOnlyForDeploymentPostprocessing = 0;
			shellPath = /bin/sh;
			shellScript = "diff \"${PODS_PODFILE_DIR_PATH}/Podfile.lock\" \"${PODS_ROOT}/Manifest.lock\" > /dev/null\nif [ $? != 0 ] ; then\n    # print error to STDERR\n    echo \"error: The sandbox is not in sync with the Podfile.lock. Run 'pod install' or update your CocoaPods installation.\" >&2\n    exit 1\nfi\n# This output is used by Xcode 'outputs' to avoid re-running this script phase.\necho \"SUCCESS\" > \"${SCRIPT_OUTPUT_FILE_0}\"\n";
			showEnvVarsInLog = 0;
		};
		7EEF68B45133DBBDC6AC9F6C /* [CP] Check Pods Manifest.lock */ = {
			isa = PBXShellScriptBuildPhase;
			buildActionMask = 2147483647;
			files = (
			);
			inputFileListPaths = (
			);
			inputPaths = (
				"${PODS_PODFILE_DIR_PATH}/Podfile.lock",
				"${PODS_ROOT}/Manifest.lock",
			);
			name = "[CP] Check Pods Manifest.lock";
			outputFileListPaths = (
			);
			outputPaths = (
				"$(DERIVED_FILE_DIR)/Pods-KKdayPortalTests-checkManifestLockResult.txt",
			);
			runOnlyForDeploymentPostprocessing = 0;
			shellPath = /bin/sh;
			shellScript = "diff \"${PODS_PODFILE_DIR_PATH}/Podfile.lock\" \"${PODS_ROOT}/Manifest.lock\" > /dev/null\nif [ $? != 0 ] ; then\n    # print error to STDERR\n    echo \"error: The sandbox is not in sync with the Podfile.lock. Run 'pod install' or update your CocoaPods installation.\" >&2\n    exit 1\nfi\n# This output is used by Xcode 'outputs' to avoid re-running this script phase.\necho \"SUCCESS\" > \"${SCRIPT_OUTPUT_FILE_0}\"\n";
			showEnvVarsInLog = 0;
		};
/* End PBXShellScriptBuildPhase section */

/* Begin PBXSourcesBuildPhase section */
		F4B3F2C623862B3000657CDF /* Sources */ = {
			isa = PBXSourcesBuildPhase;
			buildActionMask = 2147483647;
			files = (
				F454473423922C27001B8D31 /* PloneEventViewModel.swift in Sources */,
				F45446F6238F6B04001B8D31 /* PloneImageObject.swift in Sources */,
				F4544769239609E5001B8D31 /* DateFormatterExtension.swift in Sources */,
				F454474C23924F38001B8D31 /* RXViewModelType.swift in Sources */,
				F454473A23922C90001B8D31 /* PloneImageViewController.swift in Sources */,
				F454475B2393A057001B8D31 /* FileManager.swift in Sources */,
				F4FC41A9238EBACC00AC7315 /* PloneRoot.swift in Sources */,
				F4B3F33B238BB50400657CDF /* PloneFolderViewController.swift in Sources */,
				F45446FE238F74DF001B8D31 /* PloneFileObject.swift in Sources */,
				F4B3F3302387CB7100657CDF /* StorageManager.swift in Sources */,
				F454474223923804001B8D31 /* PloneLinkViewController.swift in Sources */,
				F45447622393AAC2001B8D31 /* PortalFileTarget.swift in Sources */,
				F4B3F3202386F53400657CDF /* InternetAuthenticationType.swift in Sources */,
				F4544700238F787A001B8D31 /* PloneLink.swift in Sources */,
				F4B3F3212386F53400657CDF /* SecureStoreQueryable.swift in Sources */,
				F45446F4238F6A9D001B8D31 /* PloneNews.swift in Sources */,
				F4B3F2CE23862B3000657CDF /* AppDelegate.swift in Sources */,
				F4B3F2D023862B3000657CDF /* SceneDelegate.swift in Sources */,
				F454474623923E40001B8D31 /* PloneCollectionViewModel.swift in Sources */,
				F454474023922D03001B8D31 /* PloneLinkViewModel.swift in Sources */,
				F4FC41A7238EB41700AC7315 /* PloneCollection.swift in Sources */,
				F4B3F3112386EE1300657CDF /* CrashlyticsEvent.swift in Sources */,
				F4FC419F238CCB6500AC7315 /* LoginViewModel.swift in Sources */,
				F4B3F3382387CE4E00657CDF /* PloneAuthToken.swift in Sources */,
				F454475D2393A2F4001B8D31 /* FileResponseType.swift in Sources */,
				F4B3F3012386386900657CDF /* HomeViewController.swift in Sources */,
				F4B3F3292387C16D00657CDF /* CodableResponseType.swift in Sources */,
				F4544711238FEF75001B8D31 /* PloneRootViewController.swift in Sources */,
				F45447602393AAA6001B8D31 /* PortalFileTargetType.swift in Sources */,
				F454473023922A00001B8D31 /* PloneNewsViewModel.swift in Sources */,
				F4B3F31E2386F53400657CDF /* SecureStore.swift in Sources */,
				F454473223922BC0001B8D31 /* PloneNewsViewController.swift in Sources */,
				F4FC419D238CCA7D00AC7315 /* PloneUser.swift in Sources */,
				F4B3F344238BDF0900657CDF /* PloneItem.swift in Sources */,
				F4B3F31F2386F53400657CDF /* InternetProtocol.swift in Sources */,
				F4FC41A2238D358A00AC7315 /* PortalItemAPITarget.swift in Sources */,
				F45446FC238F749A001B8D31 /* PloneFile.swift in Sources */,
				F454471E239226F3001B8D31 /* PloneCoordinator.swift in Sources */,
				F454476523960669001B8D31 /* StringExtension.swift in Sources */,
				F4B3F3072386608B00657CDF /* LoginViewController.swift in Sources */,
				F454472E23922999001B8D31 /* PloneDocumentViewController.swift in Sources */,
				F454473623922C40001B8D31 /* PloneEventViewController.swift in Sources */,
				F454473823922C5C001B8D31 /* PloneImageViewModel.swift in Sources */,
				F454474A23924BC4001B8D31 /* PloneRootTableViewCell.swift in Sources */,
				F4B3F303238638A400657CDF /* SettingViewController.swift in Sources */,
				F454471C23917AFF001B8D31 /* PloneFolderTableViewCell.swift in Sources */,
				F4B3F31D2386F53400657CDF /* SecureStoreError.swift in Sources */,
				F45446FA238F70DF001B8D31 /* PloneImage.swift in Sources */,
				F454473C23922CCE001B8D31 /* PloneFileViewController.swift in Sources */,
				F454473E23922CEA001B8D31 /* PloneFileViewModel.swift in Sources */,
				F45446F8238F706C001B8D31 /* PloneEvent.swift in Sources */,
				F4FC41A4238D35AA00AC7315 /* PortalItemAPITargetType.swift in Sources */,
				F454472C2392294B001B8D31 /* PloneDocumentViewModel.swift in Sources */,
				F4B3F346238CB9FC00657CDF /* PloneFolderViewModel.swift in Sources */,
				F4B3F32E2387C34C00657CDF /* PortalUserAPITargetType.swift in Sources */,
				F4B3F32A2387C16D00657CDF /* APIManager.swift in Sources */,
				F454474423923E20001B8D31 /* PloneCollectionViewController.swift in Sources */,
				F45446F0238F5A70001B8D31 /* PloneDocument.swift in Sources */,
				F4B3F3122386EE1300657CDF /* CrashlyticsEventRecord.swift in Sources */,
				F4544714239023E3001B8D31 /* PloneControllable.swift in Sources */,
				F454475823928C1C001B8D31 /* PloneCollectionTableViewCell.swift in Sources */,
				F45446F2238F5BD8001B8D31 /* PloneTextObject.swift in Sources */,
				F4B3F3342387CD1F00657CDF /* PortalUserAPITarget.swift in Sources */,
				F4B3F3142386EE9100657CDF /* NetStatusManager.swift in Sources */,
				F454470F238FEF53001B8D31 /* PloneRootViewModel.swift in Sources */,
				F4B3F340238BC60D00657CDF /* PloneFolder.swift in Sources */,
			);
			runOnlyForDeploymentPostprocessing = 0;
		};
		F4B3F2DC23862B3100657CDF /* Sources */ = {
			isa = PBXSourcesBuildPhase;
			buildActionMask = 2147483647;
			files = (
				F4B3F2E523862B3100657CDF /* KKdayPortalTests.swift in Sources */,
			);
			runOnlyForDeploymentPostprocessing = 0;
		};
		F4B3F2E723862B3100657CDF /* Sources */ = {
			isa = PBXSourcesBuildPhase;
			buildActionMask = 2147483647;
			files = (
				F4B3F2F023862B3100657CDF /* KKdayPortalUITests.swift in Sources */,
			);
			runOnlyForDeploymentPostprocessing = 0;
		};
/* End PBXSourcesBuildPhase section */

/* Begin PBXTargetDependency section */
		F4B3F2E223862B3100657CDF /* PBXTargetDependency */ = {
			isa = PBXTargetDependency;
			target = F4B3F2C923862B3000657CDF /* KKdayPortal */;
			targetProxy = F4B3F2E123862B3100657CDF /* PBXContainerItemProxy */;
		};
		F4B3F2ED23862B3100657CDF /* PBXTargetDependency */ = {
			isa = PBXTargetDependency;
			target = F4B3F2C923862B3000657CDF /* KKdayPortal */;
			targetProxy = F4B3F2EC23862B3100657CDF /* PBXContainerItemProxy */;
		};
/* End PBXTargetDependency section */

/* Begin PBXVariantGroup section */
		F4B3F2D823862B3100657CDF /* LaunchScreen.storyboard */ = {
			isa = PBXVariantGroup;
			children = (
				F4B3F2D923862B3100657CDF /* Base */,
			);
			name = LaunchScreen.storyboard;
			sourceTree = "<group>";
		};
/* End PBXVariantGroup section */

/* Begin XCBuildConfiguration section */
		F4B3F2F223862B3100657CDF /* Debug */ = {
			isa = XCBuildConfiguration;
			buildSettings = {
				ALWAYS_SEARCH_USER_PATHS = NO;
				CLANG_ANALYZER_NONNULL = YES;
				CLANG_ANALYZER_NUMBER_OBJECT_CONVERSION = YES_AGGRESSIVE;
				CLANG_CXX_LANGUAGE_STANDARD = "gnu++14";
				CLANG_CXX_LIBRARY = "libc++";
				CLANG_ENABLE_MODULES = YES;
				CLANG_ENABLE_OBJC_ARC = YES;
				CLANG_ENABLE_OBJC_WEAK = YES;
				CLANG_WARN_BLOCK_CAPTURE_AUTORELEASING = YES;
				CLANG_WARN_BOOL_CONVERSION = YES;
				CLANG_WARN_COMMA = YES;
				CLANG_WARN_CONSTANT_CONVERSION = YES;
				CLANG_WARN_DEPRECATED_OBJC_IMPLEMENTATIONS = YES;
				CLANG_WARN_DIRECT_OBJC_ISA_USAGE = YES_ERROR;
				CLANG_WARN_DOCUMENTATION_COMMENTS = YES;
				CLANG_WARN_EMPTY_BODY = YES;
				CLANG_WARN_ENUM_CONVERSION = YES;
				CLANG_WARN_INFINITE_RECURSION = YES;
				CLANG_WARN_INT_CONVERSION = YES;
				CLANG_WARN_NON_LITERAL_NULL_CONVERSION = YES;
				CLANG_WARN_OBJC_IMPLICIT_RETAIN_SELF = YES;
				CLANG_WARN_OBJC_LITERAL_CONVERSION = YES;
				CLANG_WARN_OBJC_ROOT_CLASS = YES_ERROR;
				CLANG_WARN_RANGE_LOOP_ANALYSIS = YES;
				CLANG_WARN_STRICT_PROTOTYPES = YES;
				CLANG_WARN_SUSPICIOUS_MOVE = YES;
				CLANG_WARN_UNGUARDED_AVAILABILITY = YES_AGGRESSIVE;
				CLANG_WARN_UNREACHABLE_CODE = YES;
				CLANG_WARN__DUPLICATE_METHOD_MATCH = YES;
				COPY_PHASE_STRIP = NO;
				DEBUG_INFORMATION_FORMAT = dwarf;
				ENABLE_STRICT_OBJC_MSGSEND = YES;
				ENABLE_TESTABILITY = YES;
				GCC_C_LANGUAGE_STANDARD = gnu11;
				GCC_DYNAMIC_NO_PIC = NO;
				GCC_NO_COMMON_BLOCKS = YES;
				GCC_OPTIMIZATION_LEVEL = 0;
				GCC_PREPROCESSOR_DEFINITIONS = (
					"DEBUG=1",
					"$(inherited)",
				);
				GCC_WARN_64_TO_32_BIT_CONVERSION = YES;
				GCC_WARN_ABOUT_RETURN_TYPE = YES_ERROR;
				GCC_WARN_UNDECLARED_SELECTOR = YES;
				GCC_WARN_UNINITIALIZED_AUTOS = YES_AGGRESSIVE;
				GCC_WARN_UNUSED_FUNCTION = YES;
				GCC_WARN_UNUSED_VARIABLE = YES;
				IPHONEOS_DEPLOYMENT_TARGET = 13.2;
				MTL_ENABLE_DEBUG_INFO = INCLUDE_SOURCE;
				MTL_FAST_MATH = YES;
				ONLY_ACTIVE_ARCH = YES;
				SDKROOT = iphoneos;
				SWIFT_ACTIVE_COMPILATION_CONDITIONS = DEBUG;
				SWIFT_OPTIMIZATION_LEVEL = "-Onone";
			};
			name = Debug;
		};
		F4B3F2F323862B3100657CDF /* Release */ = {
			isa = XCBuildConfiguration;
			buildSettings = {
				ALWAYS_SEARCH_USER_PATHS = NO;
				CLANG_ANALYZER_NONNULL = YES;
				CLANG_ANALYZER_NUMBER_OBJECT_CONVERSION = YES_AGGRESSIVE;
				CLANG_CXX_LANGUAGE_STANDARD = "gnu++14";
				CLANG_CXX_LIBRARY = "libc++";
				CLANG_ENABLE_MODULES = YES;
				CLANG_ENABLE_OBJC_ARC = YES;
				CLANG_ENABLE_OBJC_WEAK = YES;
				CLANG_WARN_BLOCK_CAPTURE_AUTORELEASING = YES;
				CLANG_WARN_BOOL_CONVERSION = YES;
				CLANG_WARN_COMMA = YES;
				CLANG_WARN_CONSTANT_CONVERSION = YES;
				CLANG_WARN_DEPRECATED_OBJC_IMPLEMENTATIONS = YES;
				CLANG_WARN_DIRECT_OBJC_ISA_USAGE = YES_ERROR;
				CLANG_WARN_DOCUMENTATION_COMMENTS = YES;
				CLANG_WARN_EMPTY_BODY = YES;
				CLANG_WARN_ENUM_CONVERSION = YES;
				CLANG_WARN_INFINITE_RECURSION = YES;
				CLANG_WARN_INT_CONVERSION = YES;
				CLANG_WARN_NON_LITERAL_NULL_CONVERSION = YES;
				CLANG_WARN_OBJC_IMPLICIT_RETAIN_SELF = YES;
				CLANG_WARN_OBJC_LITERAL_CONVERSION = YES;
				CLANG_WARN_OBJC_ROOT_CLASS = YES_ERROR;
				CLANG_WARN_RANGE_LOOP_ANALYSIS = YES;
				CLANG_WARN_STRICT_PROTOTYPES = YES;
				CLANG_WARN_SUSPICIOUS_MOVE = YES;
				CLANG_WARN_UNGUARDED_AVAILABILITY = YES_AGGRESSIVE;
				CLANG_WARN_UNREACHABLE_CODE = YES;
				CLANG_WARN__DUPLICATE_METHOD_MATCH = YES;
				COPY_PHASE_STRIP = NO;
				DEBUG_INFORMATION_FORMAT = "dwarf-with-dsym";
				ENABLE_NS_ASSERTIONS = NO;
				ENABLE_STRICT_OBJC_MSGSEND = YES;
				GCC_C_LANGUAGE_STANDARD = gnu11;
				GCC_NO_COMMON_BLOCKS = YES;
				GCC_WARN_64_TO_32_BIT_CONVERSION = YES;
				GCC_WARN_ABOUT_RETURN_TYPE = YES_ERROR;
				GCC_WARN_UNDECLARED_SELECTOR = YES;
				GCC_WARN_UNINITIALIZED_AUTOS = YES_AGGRESSIVE;
				GCC_WARN_UNUSED_FUNCTION = YES;
				GCC_WARN_UNUSED_VARIABLE = YES;
				IPHONEOS_DEPLOYMENT_TARGET = 13.2;
				MTL_ENABLE_DEBUG_INFO = NO;
				MTL_FAST_MATH = YES;
				SDKROOT = iphoneos;
				SWIFT_COMPILATION_MODE = wholemodule;
				SWIFT_OPTIMIZATION_LEVEL = "-O";
				VALIDATE_PRODUCT = YES;
			};
			name = Release;
		};
		F4B3F2F523862B3100657CDF /* Debug */ = {
			isa = XCBuildConfiguration;
			baseConfigurationReference = 8266A742D809525944D92DD1 /* Pods-KKdayPortal.debug.xcconfig */;
			buildSettings = {
				ASSETCATALOG_COMPILER_APPICON_NAME = AppIcon;
				CODE_SIGN_STYLE = Automatic;
				DEVELOPMENT_TEAM = HA9F856YHB;
				INFOPLIST_FILE = KKdayPortal/Info.plist;
				LD_RUNPATH_SEARCH_PATHS = (
					"$(inherited)",
					"@executable_path/Frameworks",
				);
				PRODUCT_BUNDLE_IDENTIFIER = com.weitsungCheng.KKdayPortal.KKdayPortal;
				PRODUCT_NAME = "$(TARGET_NAME)";
				SWIFT_VERSION = 5.0;
				TARGETED_DEVICE_FAMILY = "1,2";
			};
			name = Debug;
		};
		F4B3F2F623862B3100657CDF /* Release */ = {
			isa = XCBuildConfiguration;
			baseConfigurationReference = A922AE7CBA9440CF7FC491D3 /* Pods-KKdayPortal.release.xcconfig */;
			buildSettings = {
				ASSETCATALOG_COMPILER_APPICON_NAME = AppIcon;
				CODE_SIGN_STYLE = Automatic;
				DEVELOPMENT_TEAM = HA9F856YHB;
				INFOPLIST_FILE = KKdayPortal/Info.plist;
				LD_RUNPATH_SEARCH_PATHS = (
					"$(inherited)",
					"@executable_path/Frameworks",
				);
				PRODUCT_BUNDLE_IDENTIFIER = com.weitsungCheng.KKdayPortal.KKdayPortal;
				PRODUCT_NAME = "$(TARGET_NAME)";
				SWIFT_VERSION = 5.0;
				TARGETED_DEVICE_FAMILY = "1,2";
			};
			name = Release;
		};
		F4B3F2F823862B3100657CDF /* Debug */ = {
			isa = XCBuildConfiguration;
			baseConfigurationReference = B077EF77439441D22C1A1DCD /* Pods-KKdayPortalTests.debug.xcconfig */;
			buildSettings = {
				ALWAYS_EMBED_SWIFT_STANDARD_LIBRARIES = YES;
				BUNDLE_LOADER = "$(TEST_HOST)";
				CODE_SIGN_STYLE = Automatic;
				DEVELOPMENT_TEAM = HA9F856YHB;
				INFOPLIST_FILE = KKdayPortalTests/Info.plist;
				IPHONEOS_DEPLOYMENT_TARGET = 13.2;
				LD_RUNPATH_SEARCH_PATHS = (
					"$(inherited)",
					"@executable_path/Frameworks",
					"@loader_path/Frameworks",
				);
				PRODUCT_BUNDLE_IDENTIFIER = com.weitsungCheng.KKdayPortal.KKdayPortalTests;
				PRODUCT_NAME = "$(TARGET_NAME)";
				SWIFT_VERSION = 5.0;
				TARGETED_DEVICE_FAMILY = "1,2";
				TEST_HOST = "$(BUILT_PRODUCTS_DIR)/KKdayPortal.app/KKdayPortal";
			};
			name = Debug;
		};
		F4B3F2F923862B3100657CDF /* Release */ = {
			isa = XCBuildConfiguration;
			baseConfigurationReference = 52EA813E75F925891771ACDB /* Pods-KKdayPortalTests.release.xcconfig */;
			buildSettings = {
				ALWAYS_EMBED_SWIFT_STANDARD_LIBRARIES = YES;
				BUNDLE_LOADER = "$(TEST_HOST)";
				CODE_SIGN_STYLE = Automatic;
				DEVELOPMENT_TEAM = HA9F856YHB;
				INFOPLIST_FILE = KKdayPortalTests/Info.plist;
				IPHONEOS_DEPLOYMENT_TARGET = 13.2;
				LD_RUNPATH_SEARCH_PATHS = (
					"$(inherited)",
					"@executable_path/Frameworks",
					"@loader_path/Frameworks",
				);
				PRODUCT_BUNDLE_IDENTIFIER = com.weitsungCheng.KKdayPortal.KKdayPortalTests;
				PRODUCT_NAME = "$(TARGET_NAME)";
				SWIFT_VERSION = 5.0;
				TARGETED_DEVICE_FAMILY = "1,2";
				TEST_HOST = "$(BUILT_PRODUCTS_DIR)/KKdayPortal.app/KKdayPortal";
			};
			name = Release;
		};
		F4B3F2FB23862B3100657CDF /* Debug */ = {
			isa = XCBuildConfiguration;
			buildSettings = {
				ALWAYS_EMBED_SWIFT_STANDARD_LIBRARIES = YES;
				CODE_SIGN_STYLE = Automatic;
				DEVELOPMENT_TEAM = HA9F856YHB;
				INFOPLIST_FILE = KKdayPortalUITests/Info.plist;
				LD_RUNPATH_SEARCH_PATHS = (
					"$(inherited)",
					"@executable_path/Frameworks",
					"@loader_path/Frameworks",
				);
				PRODUCT_BUNDLE_IDENTIFIER = com.weitsungCheng.KKdayPortal.KKdayPortalUITests;
				PRODUCT_NAME = "$(TARGET_NAME)";
				SWIFT_VERSION = 5.0;
				TARGETED_DEVICE_FAMILY = "1,2";
				TEST_TARGET_NAME = KKdayPortal;
			};
			name = Debug;
		};
		F4B3F2FC23862B3100657CDF /* Release */ = {
			isa = XCBuildConfiguration;
			buildSettings = {
				ALWAYS_EMBED_SWIFT_STANDARD_LIBRARIES = YES;
				CODE_SIGN_STYLE = Automatic;
				DEVELOPMENT_TEAM = HA9F856YHB;
				INFOPLIST_FILE = KKdayPortalUITests/Info.plist;
				LD_RUNPATH_SEARCH_PATHS = (
					"$(inherited)",
					"@executable_path/Frameworks",
					"@loader_path/Frameworks",
				);
				PRODUCT_BUNDLE_IDENTIFIER = com.weitsungCheng.KKdayPortal.KKdayPortalUITests;
				PRODUCT_NAME = "$(TARGET_NAME)";
				SWIFT_VERSION = 5.0;
				TARGETED_DEVICE_FAMILY = "1,2";
				TEST_TARGET_NAME = KKdayPortal;
			};
			name = Release;
		};
/* End XCBuildConfiguration section */

/* Begin XCConfigurationList section */
		F4B3F2C523862B3000657CDF /* Build configuration list for PBXProject "KKdayPortal" */ = {
			isa = XCConfigurationList;
			buildConfigurations = (
				F4B3F2F223862B3100657CDF /* Debug */,
				F4B3F2F323862B3100657CDF /* Release */,
			);
			defaultConfigurationIsVisible = 0;
			defaultConfigurationName = Release;
		};
		F4B3F2F423862B3100657CDF /* Build configuration list for PBXNativeTarget "KKdayPortal" */ = {
			isa = XCConfigurationList;
			buildConfigurations = (
				F4B3F2F523862B3100657CDF /* Debug */,
				F4B3F2F623862B3100657CDF /* Release */,
			);
			defaultConfigurationIsVisible = 0;
			defaultConfigurationName = Release;
		};
		F4B3F2F723862B3100657CDF /* Build configuration list for PBXNativeTarget "KKdayPortalTests" */ = {
			isa = XCConfigurationList;
			buildConfigurations = (
				F4B3F2F823862B3100657CDF /* Debug */,
				F4B3F2F923862B3100657CDF /* Release */,
			);
			defaultConfigurationIsVisible = 0;
			defaultConfigurationName = Release;
		};
		F4B3F2FA23862B3100657CDF /* Build configuration list for PBXNativeTarget "KKdayPortalUITests" */ = {
			isa = XCConfigurationList;
			buildConfigurations = (
				F4B3F2FB23862B3100657CDF /* Debug */,
				F4B3F2FC23862B3100657CDF /* Release */,
			);
			defaultConfigurationIsVisible = 0;
			defaultConfigurationName = Release;
		};
/* End XCConfigurationList section */
	};
	rootObject = F4B3F2C223862B3000657CDF /* Project object */;
}
